// !$*UTF8*$!
{
	archiveVersion = 1;
	classes = {
	};
	objectVersion = 51;
	objects = {

/* Begin PBXBuildFile section */
<<<<<<< HEAD
		36780035F3C8D816BCBAC2A7 /* Pods_RealmStudyTests.framework in Frameworks */ = {isa = PBXBuildFile; fileRef = BD431413CA8AC5C23FC9673B /* Pods_RealmStudyTests.framework */; };
=======
>>>>>>> ca991b58dafa28849b3f9bc8349f2a9d9263466c
		5977AA34239E328800176434 /* AppDelegate.swift in Sources */ = {isa = PBXBuildFile; fileRef = 5977AA33239E328800176434 /* AppDelegate.swift */; };
		5977AA36239E328800176434 /* SceneDelegate.swift in Sources */ = {isa = PBXBuildFile; fileRef = 5977AA35239E328800176434 /* SceneDelegate.swift */; };
		5977AA38239E328800176434 /* ViewController.swift in Sources */ = {isa = PBXBuildFile; fileRef = 5977AA37239E328800176434 /* ViewController.swift */; };
		5977AA3B239E328800176434 /* Main.storyboard in Resources */ = {isa = PBXBuildFile; fileRef = 5977AA39239E328800176434 /* Main.storyboard */; };
		5977AA3D239E328900176434 /* Assets.xcassets in Resources */ = {isa = PBXBuildFile; fileRef = 5977AA3C239E328900176434 /* Assets.xcassets */; };
		5977AA40239E328900176434 /* LaunchScreen.storyboard in Resources */ = {isa = PBXBuildFile; fileRef = 5977AA3E239E328900176434 /* LaunchScreen.storyboard */; };
		5977AA4B239E328900176434 /* RealmStudyTests.swift in Sources */ = {isa = PBXBuildFile; fileRef = 5977AA4A239E328900176434 /* RealmStudyTests.swift */; };
		5977AA56239E328900176434 /* RealmStudyUITests.swift in Sources */ = {isa = PBXBuildFile; fileRef = 5977AA55239E328900176434 /* RealmStudyUITests.swift */; };
		5977AA64239E392600176434 /* Model.swift in Sources */ = {isa = PBXBuildFile; fileRef = 5977AA63239E392600176434 /* Model.swift */; };
<<<<<<< HEAD
		8A95C42C0A5240F68E3DB130 /* Pods_RealmStudy_RealmStudyUITests.framework in Frameworks */ = {isa = PBXBuildFile; fileRef = 377C77F46ECC05D70B1FF824 /* Pods_RealmStudy_RealmStudyUITests.framework */; };
		DCC808B48D0EA792D38E4777 /* Pods_RealmStudyTests.framework in Frameworks */ = {isa = PBXBuildFile; fileRef = A705274B98AF3CEEA020D0D1 /* Pods_RealmStudyTests.framework */; };
		E887692EC547F21408621918 /* Pods_RealmStudy.framework in Frameworks */ = {isa = PBXBuildFile; fileRef = C1B14E37B78222F4D620ABA4 /* Pods_RealmStudy.framework */; };
=======
		59DA61B2239F3C9D0064367E /* TableViewCell.swift in Sources */ = {isa = PBXBuildFile; fileRef = 59DA61B0239F3C9D0064367E /* TableViewCell.swift */; };
		59DA61B3239F3C9D0064367E /* TableViewCell.xib in Resources */ = {isa = PBXBuildFile; fileRef = 59DA61B1239F3C9D0064367E /* TableViewCell.xib */; };
		59DA61B5239F3EF20064367E /* TableViewUtil.swift in Sources */ = {isa = PBXBuildFile; fileRef = 59DA61B4239F3EF20064367E /* TableViewUtil.swift */; };
<<<<<<< HEAD
		7B50210CCB500192CC57410B /* Pods_RealmStudy.framework in Frameworks */ = {isa = PBXBuildFile; fileRef = E0426D7A3A6F9581639533B1 /* Pods_RealmStudy.framework */; };
		BE4C068E2CF16575CA46DF3B /* Pods_RealmStudy_RealmStudyUITests.framework in Frameworks */ = {isa = PBXBuildFile; fileRef = 75DD95CE9FB66221791534AD /* Pods_RealmStudy_RealmStudyUITests.framework */; };
=======
		9755E73636616C157F93C9B4 /* Pods_RealmStudyTests.framework in Frameworks */ = {isa = PBXBuildFile; fileRef = F64C668C6F39CF8B720E1B6C /* Pods_RealmStudyTests.framework */; };
>>>>>>> a3e461c810aa0c1bed92c0f520d8793203d38279
>>>>>>> ca991b58dafa28849b3f9bc8349f2a9d9263466c
/* End PBXBuildFile section */

/* Begin PBXContainerItemProxy section */
		5977AA47239E328900176434 /* PBXContainerItemProxy */ = {
			isa = PBXContainerItemProxy;
			containerPortal = 5977AA28239E328800176434 /* Project object */;
			proxyType = 1;
			remoteGlobalIDString = 5977AA2F239E328800176434;
			remoteInfo = RealmStudy;
		};
		5977AA52239E328900176434 /* PBXContainerItemProxy */ = {
			isa = PBXContainerItemProxy;
			containerPortal = 5977AA28239E328800176434 /* Project object */;
			proxyType = 1;
			remoteGlobalIDString = 5977AA2F239E328800176434;
			remoteInfo = RealmStudy;
		};
/* End PBXContainerItemProxy section */

/* Begin PBXFileReference section */
<<<<<<< HEAD
=======
		059430B198A2C0890EDC05CB /* Pods-RealmStudy.release.xcconfig */ = {isa = PBXFileReference; includeInIndex = 1; lastKnownFileType = text.xcconfig; name = "Pods-RealmStudy.release.xcconfig"; path = "Target Support Files/Pods-RealmStudy/Pods-RealmStudy.release.xcconfig"; sourceTree = "<group>"; };
		27E05B4E95DA77FA19B68385 /* Pods-RealmStudyTests.release.xcconfig */ = {isa = PBXFileReference; includeInIndex = 1; lastKnownFileType = text.xcconfig; name = "Pods-RealmStudyTests.release.xcconfig"; path = "Target Support Files/Pods-RealmStudyTests/Pods-RealmStudyTests.release.xcconfig"; sourceTree = "<group>"; };
		32BBB51B9F23E40DFB0289E1 /* Pods-RealmStudy.debug.xcconfig */ = {isa = PBXFileReference; includeInIndex = 1; lastKnownFileType = text.xcconfig; name = "Pods-RealmStudy.debug.xcconfig"; path = "Target Support Files/Pods-RealmStudy/Pods-RealmStudy.debug.xcconfig"; sourceTree = "<group>"; };
		377C77F46ECC05D70B1FF824 /* Pods_RealmStudy_RealmStudyUITests.framework */ = {isa = PBXFileReference; explicitFileType = wrapper.framework; includeInIndex = 0; path = Pods_RealmStudy_RealmStudyUITests.framework; sourceTree = BUILT_PRODUCTS_DIR; };
>>>>>>> ca991b58dafa28849b3f9bc8349f2a9d9263466c
		5977AA30239E328800176434 /* RealmStudy.app */ = {isa = PBXFileReference; explicitFileType = wrapper.application; includeInIndex = 0; path = RealmStudy.app; sourceTree = BUILT_PRODUCTS_DIR; };
		5977AA33239E328800176434 /* AppDelegate.swift */ = {isa = PBXFileReference; lastKnownFileType = sourcecode.swift; path = AppDelegate.swift; sourceTree = "<group>"; };
		5977AA35239E328800176434 /* SceneDelegate.swift */ = {isa = PBXFileReference; lastKnownFileType = sourcecode.swift; path = SceneDelegate.swift; sourceTree = "<group>"; };
		5977AA37239E328800176434 /* ViewController.swift */ = {isa = PBXFileReference; lastKnownFileType = sourcecode.swift; path = ViewController.swift; sourceTree = "<group>"; };
		5977AA3A239E328800176434 /* Base */ = {isa = PBXFileReference; lastKnownFileType = file.storyboard; name = Base; path = Base.lproj/Main.storyboard; sourceTree = "<group>"; };
		5977AA3C239E328900176434 /* Assets.xcassets */ = {isa = PBXFileReference; lastKnownFileType = folder.assetcatalog; path = Assets.xcassets; sourceTree = "<group>"; };
		5977AA3F239E328900176434 /* Base */ = {isa = PBXFileReference; lastKnownFileType = file.storyboard; name = Base; path = Base.lproj/LaunchScreen.storyboard; sourceTree = "<group>"; };
		5977AA41239E328900176434 /* Info.plist */ = {isa = PBXFileReference; lastKnownFileType = text.plist.xml; path = Info.plist; sourceTree = "<group>"; };
		5977AA46239E328900176434 /* RealmStudyTests.xctest */ = {isa = PBXFileReference; explicitFileType = wrapper.cfbundle; includeInIndex = 0; path = RealmStudyTests.xctest; sourceTree = BUILT_PRODUCTS_DIR; };
		5977AA4A239E328900176434 /* RealmStudyTests.swift */ = {isa = PBXFileReference; lastKnownFileType = sourcecode.swift; path = RealmStudyTests.swift; sourceTree = "<group>"; };
		5977AA4C239E328900176434 /* Info.plist */ = {isa = PBXFileReference; lastKnownFileType = text.plist.xml; path = Info.plist; sourceTree = "<group>"; };
		5977AA51239E328900176434 /* RealmStudyUITests.xctest */ = {isa = PBXFileReference; explicitFileType = wrapper.cfbundle; includeInIndex = 0; path = RealmStudyUITests.xctest; sourceTree = BUILT_PRODUCTS_DIR; };
		5977AA55239E328900176434 /* RealmStudyUITests.swift */ = {isa = PBXFileReference; lastKnownFileType = sourcecode.swift; path = RealmStudyUITests.swift; sourceTree = "<group>"; };
		5977AA57239E328900176434 /* Info.plist */ = {isa = PBXFileReference; lastKnownFileType = text.plist.xml; path = Info.plist; sourceTree = "<group>"; };
		5977AA63239E392600176434 /* Model.swift */ = {isa = PBXFileReference; lastKnownFileType = sourcecode.swift; path = Model.swift; sourceTree = "<group>"; };
<<<<<<< HEAD
		97DC7A5854CF05DBD5401C84 /* Pods-RealmStudyTests.debug.xcconfig */ = {isa = PBXFileReference; includeInIndex = 1; lastKnownFileType = text.xcconfig; name = "Pods-RealmStudyTests.debug.xcconfig"; path = "Target Support Files/Pods-RealmStudyTests/Pods-RealmStudyTests.debug.xcconfig"; sourceTree = "<group>"; };
		A705274B98AF3CEEA020D0D1 /* Pods_RealmStudyTests.framework */ = {isa = PBXFileReference; explicitFileType = wrapper.framework; includeInIndex = 0; path = Pods_RealmStudyTests.framework; sourceTree = BUILT_PRODUCTS_DIR; };
		A89D52F0FA09C2D198C26441 /* Pods-RealmStudy-RealmStudyUITests.debug.xcconfig */ = {isa = PBXFileReference; includeInIndex = 1; lastKnownFileType = text.xcconfig; name = "Pods-RealmStudy-RealmStudyUITests.debug.xcconfig"; path = "Target Support Files/Pods-RealmStudy-RealmStudyUITests/Pods-RealmStudy-RealmStudyUITests.debug.xcconfig"; sourceTree = "<group>"; };
		C1B14E37B78222F4D620ABA4 /* Pods_RealmStudy.framework */ = {isa = PBXFileReference; explicitFileType = wrapper.framework; includeInIndex = 0; path = Pods_RealmStudy.framework; sourceTree = BUILT_PRODUCTS_DIR; };
		C8BA9857BAF59B53100A1BD7 /* Pods-RealmStudy-RealmStudyUITests.release.xcconfig */ = {isa = PBXFileReference; includeInIndex = 1; lastKnownFileType = text.xcconfig; name = "Pods-RealmStudy-RealmStudyUITests.release.xcconfig"; path = "Target Support Files/Pods-RealmStudy-RealmStudyUITests/Pods-RealmStudy-RealmStudyUITests.release.xcconfig"; sourceTree = "<group>"; };
=======
		59DA61B0239F3C9D0064367E /* TableViewCell.swift */ = {isa = PBXFileReference; lastKnownFileType = sourcecode.swift; path = TableViewCell.swift; sourceTree = "<group>"; };
		59DA61B1239F3C9D0064367E /* TableViewCell.xib */ = {isa = PBXFileReference; lastKnownFileType = file.xib; path = TableViewCell.xib; sourceTree = "<group>"; };
		59DA61B4239F3EF20064367E /* TableViewUtil.swift */ = {isa = PBXFileReference; lastKnownFileType = sourcecode.swift; path = TableViewUtil.swift; sourceTree = "<group>"; };
<<<<<<< HEAD
		624448F1B9D3EBEED0F70F42 /* Pods-RealmStudy-RealmStudyUITests.release.xcconfig */ = {isa = PBXFileReference; includeInIndex = 1; lastKnownFileType = text.xcconfig; name = "Pods-RealmStudy-RealmStudyUITests.release.xcconfig"; path = "Target Support Files/Pods-RealmStudy-RealmStudyUITests/Pods-RealmStudy-RealmStudyUITests.release.xcconfig"; sourceTree = "<group>"; };
		674F06CB7B4F494FC544795E /* Pods-RealmStudyTests.release.xcconfig */ = {isa = PBXFileReference; includeInIndex = 1; lastKnownFileType = text.xcconfig; name = "Pods-RealmStudyTests.release.xcconfig"; path = "Target Support Files/Pods-RealmStudyTests/Pods-RealmStudyTests.release.xcconfig"; sourceTree = "<group>"; };
		75DD95CE9FB66221791534AD /* Pods_RealmStudy_RealmStudyUITests.framework */ = {isa = PBXFileReference; explicitFileType = wrapper.framework; includeInIndex = 0; path = Pods_RealmStudy_RealmStudyUITests.framework; sourceTree = BUILT_PRODUCTS_DIR; };
		8C267AD4620EB53A5A2BEBAD /* Pods-RealmStudy-RealmStudyUITests.debug.xcconfig */ = {isa = PBXFileReference; includeInIndex = 1; lastKnownFileType = text.xcconfig; name = "Pods-RealmStudy-RealmStudyUITests.debug.xcconfig"; path = "Target Support Files/Pods-RealmStudy-RealmStudyUITests/Pods-RealmStudy-RealmStudyUITests.debug.xcconfig"; sourceTree = "<group>"; };
		932F18402292DDC415DF5DEF /* Pods-RealmStudyTests.debug.xcconfig */ = {isa = PBXFileReference; includeInIndex = 1; lastKnownFileType = text.xcconfig; name = "Pods-RealmStudyTests.debug.xcconfig"; path = "Target Support Files/Pods-RealmStudyTests/Pods-RealmStudyTests.debug.xcconfig"; sourceTree = "<group>"; };
		9D2E7C43B51F65388D3AA876 /* Pods-RealmStudy.release.xcconfig */ = {isa = PBXFileReference; includeInIndex = 1; lastKnownFileType = text.xcconfig; name = "Pods-RealmStudy.release.xcconfig"; path = "Target Support Files/Pods-RealmStudy/Pods-RealmStudy.release.xcconfig"; sourceTree = "<group>"; };
		BD431413CA8AC5C23FC9673B /* Pods_RealmStudyTests.framework */ = {isa = PBXFileReference; explicitFileType = wrapper.framework; includeInIndex = 0; path = Pods_RealmStudyTests.framework; sourceTree = BUILT_PRODUCTS_DIR; };
		E0426D7A3A6F9581639533B1 /* Pods_RealmStudy.framework */ = {isa = PBXFileReference; explicitFileType = wrapper.framework; includeInIndex = 0; path = Pods_RealmStudy.framework; sourceTree = BUILT_PRODUCTS_DIR; };
		F1D96E41A1E9BB3183AE7E8E /* Pods-RealmStudy.debug.xcconfig */ = {isa = PBXFileReference; includeInIndex = 1; lastKnownFileType = text.xcconfig; name = "Pods-RealmStudy.debug.xcconfig"; path = "Target Support Files/Pods-RealmStudy/Pods-RealmStudy.debug.xcconfig"; sourceTree = "<group>"; };
=======
		74E0F4485FA28CE0E851A9EF /* Pods-RealmStudyTests.release.xcconfig */ = {isa = PBXFileReference; includeInIndex = 1; lastKnownFileType = text.xcconfig; name = "Pods-RealmStudyTests.release.xcconfig"; path = "Target Support Files/Pods-RealmStudyTests/Pods-RealmStudyTests.release.xcconfig"; sourceTree = "<group>"; };
		75372D0807308063231BF393 /* Pods-RealmStudy.debug.xcconfig */ = {isa = PBXFileReference; includeInIndex = 1; lastKnownFileType = text.xcconfig; name = "Pods-RealmStudy.debug.xcconfig"; path = "Target Support Files/Pods-RealmStudy/Pods-RealmStudy.debug.xcconfig"; sourceTree = "<group>"; };
		85A3E18CA9EF6573ECFE46D0 /* Pods-RealmStudy-RealmStudyUITests.release.xcconfig */ = {isa = PBXFileReference; includeInIndex = 1; lastKnownFileType = text.xcconfig; name = "Pods-RealmStudy-RealmStudyUITests.release.xcconfig"; path = "Target Support Files/Pods-RealmStudy-RealmStudyUITests/Pods-RealmStudy-RealmStudyUITests.release.xcconfig"; sourceTree = "<group>"; };
		863D9B67E9B300E40AA14596 /* Pods-RealmStudy-RealmStudyUITests.debug.xcconfig */ = {isa = PBXFileReference; includeInIndex = 1; lastKnownFileType = text.xcconfig; name = "Pods-RealmStudy-RealmStudyUITests.debug.xcconfig"; path = "Target Support Files/Pods-RealmStudy-RealmStudyUITests/Pods-RealmStudy-RealmStudyUITests.debug.xcconfig"; sourceTree = "<group>"; };
		F64C668C6F39CF8B720E1B6C /* Pods_RealmStudyTests.framework */ = {isa = PBXFileReference; explicitFileType = wrapper.framework; includeInIndex = 0; path = Pods_RealmStudyTests.framework; sourceTree = BUILT_PRODUCTS_DIR; };
>>>>>>> a3e461c810aa0c1bed92c0f520d8793203d38279
>>>>>>> ca991b58dafa28849b3f9bc8349f2a9d9263466c
/* End PBXFileReference section */

/* Begin PBXFrameworksBuildPhase section */
		5977AA2D239E328800176434 /* Frameworks */ = {
			isa = PBXFrameworksBuildPhase;
			buildActionMask = 2147483647;
			files = (
<<<<<<< HEAD
				7B50210CCB500192CC57410B /* Pods_RealmStudy.framework in Frameworks */,
=======
				E887692EC547F21408621918 /* Pods_RealmStudy.framework in Frameworks */,
>>>>>>> ca991b58dafa28849b3f9bc8349f2a9d9263466c
			);
			runOnlyForDeploymentPostprocessing = 0;
		};
		5977AA43239E328900176434 /* Frameworks */ = {
			isa = PBXFrameworksBuildPhase;
			buildActionMask = 2147483647;
			files = (
<<<<<<< HEAD
				36780035F3C8D816BCBAC2A7 /* Pods_RealmStudyTests.framework in Frameworks */,
=======
				DCC808B48D0EA792D38E4777 /* Pods_RealmStudyTests.framework in Frameworks */,
>>>>>>> ca991b58dafa28849b3f9bc8349f2a9d9263466c
			);
			runOnlyForDeploymentPostprocessing = 0;
		};
		5977AA4E239E328900176434 /* Frameworks */ = {
			isa = PBXFrameworksBuildPhase;
			buildActionMask = 2147483647;
			files = (
<<<<<<< HEAD
				BE4C068E2CF16575CA46DF3B /* Pods_RealmStudy_RealmStudyUITests.framework in Frameworks */,
=======
				8A95C42C0A5240F68E3DB130 /* Pods_RealmStudy_RealmStudyUITests.framework in Frameworks */,
>>>>>>> ca991b58dafa28849b3f9bc8349f2a9d9263466c
			);
			runOnlyForDeploymentPostprocessing = 0;
		};
/* End PBXFrameworksBuildPhase section */

/* Begin PBXGroup section */
<<<<<<< HEAD
		2FABF6F01A90226A06893696 /* Frameworks */ = {
			isa = PBXGroup;
			children = (
				E0426D7A3A6F9581639533B1 /* Pods_RealmStudy.framework */,
				75DD95CE9FB66221791534AD /* Pods_RealmStudy_RealmStudyUITests.framework */,
				BD431413CA8AC5C23FC9673B /* Pods_RealmStudyTests.framework */,
=======
		4B92ADC27A41696A3E4A70AB /* Frameworks */ = {
			isa = PBXGroup;
			children = (
				C1B14E37B78222F4D620ABA4 /* Pods_RealmStudy.framework */,
				377C77F46ECC05D70B1FF824 /* Pods_RealmStudy_RealmStudyUITests.framework */,
				A705274B98AF3CEEA020D0D1 /* Pods_RealmStudyTests.framework */,
>>>>>>> ca991b58dafa28849b3f9bc8349f2a9d9263466c
			);
			name = Frameworks;
			sourceTree = "<group>";
		};
		4D44901CB19F3F6E64056377 /* Pods */ = {
			isa = PBXGroup;
			children = (
<<<<<<< HEAD
				F1D96E41A1E9BB3183AE7E8E /* Pods-RealmStudy.debug.xcconfig */,
				9D2E7C43B51F65388D3AA876 /* Pods-RealmStudy.release.xcconfig */,
				8C267AD4620EB53A5A2BEBAD /* Pods-RealmStudy-RealmStudyUITests.debug.xcconfig */,
				624448F1B9D3EBEED0F70F42 /* Pods-RealmStudy-RealmStudyUITests.release.xcconfig */,
				932F18402292DDC415DF5DEF /* Pods-RealmStudyTests.debug.xcconfig */,
				674F06CB7B4F494FC544795E /* Pods-RealmStudyTests.release.xcconfig */,
=======
				32BBB51B9F23E40DFB0289E1 /* Pods-RealmStudy.debug.xcconfig */,
				059430B198A2C0890EDC05CB /* Pods-RealmStudy.release.xcconfig */,
				A89D52F0FA09C2D198C26441 /* Pods-RealmStudy-RealmStudyUITests.debug.xcconfig */,
				C8BA9857BAF59B53100A1BD7 /* Pods-RealmStudy-RealmStudyUITests.release.xcconfig */,
				97DC7A5854CF05DBD5401C84 /* Pods-RealmStudyTests.debug.xcconfig */,
				27E05B4E95DA77FA19B68385 /* Pods-RealmStudyTests.release.xcconfig */,
>>>>>>> ca991b58dafa28849b3f9bc8349f2a9d9263466c
			);
			path = Pods;
			sourceTree = "<group>";
		};
		5977AA27239E328800176434 = {
			isa = PBXGroup;
			children = (
				5977AA32239E328800176434 /* RealmStudy */,
				5977AA49239E328900176434 /* RealmStudyTests */,
				5977AA54239E328900176434 /* RealmStudyUITests */,
				5977AA31239E328800176434 /* Products */,
				4D44901CB19F3F6E64056377 /* Pods */,
<<<<<<< HEAD
				2FABF6F01A90226A06893696 /* Frameworks */,
=======
				4B92ADC27A41696A3E4A70AB /* Frameworks */,
>>>>>>> ca991b58dafa28849b3f9bc8349f2a9d9263466c
			);
			sourceTree = "<group>";
		};
		5977AA31239E328800176434 /* Products */ = {
			isa = PBXGroup;
			children = (
				5977AA30239E328800176434 /* RealmStudy.app */,
				5977AA46239E328900176434 /* RealmStudyTests.xctest */,
				5977AA51239E328900176434 /* RealmStudyUITests.xctest */,
			);
			name = Products;
			sourceTree = "<group>";
		};
		5977AA32239E328800176434 /* RealmStudy */ = {
			isa = PBXGroup;
			children = (
				5977AA33239E328800176434 /* AppDelegate.swift */,
				5977AA63239E392600176434 /* Model.swift */,
				5977AA35239E328800176434 /* SceneDelegate.swift */,
				5977AA37239E328800176434 /* ViewController.swift */,
				5977AA39239E328800176434 /* Main.storyboard */,
				59DA61B0239F3C9D0064367E /* TableViewCell.swift */,
				59DA61B1239F3C9D0064367E /* TableViewCell.xib */,
				59DA61B4239F3EF20064367E /* TableViewUtil.swift */,
				5977AA3C239E328900176434 /* Assets.xcassets */,
				5977AA3E239E328900176434 /* LaunchScreen.storyboard */,
				5977AA41239E328900176434 /* Info.plist */,
			);
			path = RealmStudy;
			sourceTree = "<group>";
		};
		5977AA49239E328900176434 /* RealmStudyTests */ = {
			isa = PBXGroup;
			children = (
				5977AA4A239E328900176434 /* RealmStudyTests.swift */,
				5977AA4C239E328900176434 /* Info.plist */,
			);
			path = RealmStudyTests;
			sourceTree = "<group>";
		};
		5977AA54239E328900176434 /* RealmStudyUITests */ = {
			isa = PBXGroup;
			children = (
				5977AA55239E328900176434 /* RealmStudyUITests.swift */,
				5977AA57239E328900176434 /* Info.plist */,
			);
			path = RealmStudyUITests;
			sourceTree = "<group>";
		};
/* End PBXGroup section */

/* Begin PBXNativeTarget section */
		5977AA2F239E328800176434 /* RealmStudy */ = {
			isa = PBXNativeTarget;
			buildConfigurationList = 5977AA5A239E328900176434 /* Build configuration list for PBXNativeTarget "RealmStudy" */;
			buildPhases = (
<<<<<<< HEAD
				F27B6AC297E8A61A08DAE40C /* [CP] Check Pods Manifest.lock */,
				5977AA2C239E328800176434 /* Sources */,
				5977AA2D239E328800176434 /* Frameworks */,
				5977AA2E239E328800176434 /* Resources */,
				D23CE3A5EC0C6790CFAB6A67 /* [CP] Embed Pods Frameworks */,
=======
				31AB8E8F3481EC603D334A19 /* [CP] Check Pods Manifest.lock */,
				5977AA2C239E328800176434 /* Sources */,
				5977AA2D239E328800176434 /* Frameworks */,
				5977AA2E239E328800176434 /* Resources */,
				940A0B43F1597B2E8BF17839 /* [CP] Embed Pods Frameworks */,
>>>>>>> ca991b58dafa28849b3f9bc8349f2a9d9263466c
			);
			buildRules = (
			);
			dependencies = (
			);
			name = RealmStudy;
			productName = RealmStudy;
			productReference = 5977AA30239E328800176434 /* RealmStudy.app */;
			productType = "com.apple.product-type.application";
		};
		5977AA45239E328900176434 /* RealmStudyTests */ = {
			isa = PBXNativeTarget;
			buildConfigurationList = 5977AA5D239E328900176434 /* Build configuration list for PBXNativeTarget "RealmStudyTests" */;
			buildPhases = (
<<<<<<< HEAD
				E4251D4B2ABA1F116A9CAE8C /* [CP] Check Pods Manifest.lock */,
=======
				1F6DE0F20BA0796AB9ADD27D /* [CP] Check Pods Manifest.lock */,
>>>>>>> ca991b58dafa28849b3f9bc8349f2a9d9263466c
				5977AA42239E328900176434 /* Sources */,
				5977AA43239E328900176434 /* Frameworks */,
				5977AA44239E328900176434 /* Resources */,
			);
			buildRules = (
			);
			dependencies = (
				5977AA48239E328900176434 /* PBXTargetDependency */,
			);
			name = RealmStudyTests;
			productName = RealmStudyTests;
			productReference = 5977AA46239E328900176434 /* RealmStudyTests.xctest */;
			productType = "com.apple.product-type.bundle.unit-test";
		};
		5977AA50239E328900176434 /* RealmStudyUITests */ = {
			isa = PBXNativeTarget;
			buildConfigurationList = 5977AA60239E328900176434 /* Build configuration list for PBXNativeTarget "RealmStudyUITests" */;
			buildPhases = (
<<<<<<< HEAD
				9DAAF2E3DE595F7A25DD7F90 /* [CP] Check Pods Manifest.lock */,
				5977AA4D239E328900176434 /* Sources */,
				5977AA4E239E328900176434 /* Frameworks */,
				5977AA4F239E328900176434 /* Resources */,
				EE52F5A65511A21C650696FD /* [CP] Embed Pods Frameworks */,
=======
				75A728908A854BB34EF07A62 /* [CP] Check Pods Manifest.lock */,
				5977AA4D239E328900176434 /* Sources */,
				5977AA4E239E328900176434 /* Frameworks */,
				5977AA4F239E328900176434 /* Resources */,
				090E13E115763FF247C6C084 /* [CP] Embed Pods Frameworks */,
>>>>>>> ca991b58dafa28849b3f9bc8349f2a9d9263466c
			);
			buildRules = (
			);
			dependencies = (
				5977AA53239E328900176434 /* PBXTargetDependency */,
			);
			name = RealmStudyUITests;
			productName = RealmStudyUITests;
			productReference = 5977AA51239E328900176434 /* RealmStudyUITests.xctest */;
			productType = "com.apple.product-type.bundle.ui-testing";
		};
/* End PBXNativeTarget section */

/* Begin PBXProject section */
		5977AA28239E328800176434 /* Project object */ = {
			isa = PBXProject;
			attributes = {
				LastSwiftUpdateCheck = 1120;
				LastUpgradeCheck = 1120;
				ORGANIZATIONNAME = "深瀬 貴将";
				TargetAttributes = {
					5977AA2F239E328800176434 = {
						CreatedOnToolsVersion = 11.2.1;
					};
					5977AA45239E328900176434 = {
						CreatedOnToolsVersion = 11.2.1;
						TestTargetID = 5977AA2F239E328800176434;
					};
					5977AA50239E328900176434 = {
						CreatedOnToolsVersion = 11.2.1;
						TestTargetID = 5977AA2F239E328800176434;
					};
				};
			};
			buildConfigurationList = 5977AA2B239E328800176434 /* Build configuration list for PBXProject "RealmStudy" */;
			compatibilityVersion = "Xcode 9.3";
			developmentRegion = en;
			hasScannedForEncodings = 0;
			knownRegions = (
				en,
				Base,
			);
			mainGroup = 5977AA27239E328800176434;
			productRefGroup = 5977AA31239E328800176434 /* Products */;
			projectDirPath = "";
			projectRoot = "";
			targets = (
				5977AA2F239E328800176434 /* RealmStudy */,
				5977AA45239E328900176434 /* RealmStudyTests */,
				5977AA50239E328900176434 /* RealmStudyUITests */,
			);
		};
/* End PBXProject section */

/* Begin PBXResourcesBuildPhase section */
		5977AA2E239E328800176434 /* Resources */ = {
			isa = PBXResourcesBuildPhase;
			buildActionMask = 2147483647;
			files = (
				5977AA40239E328900176434 /* LaunchScreen.storyboard in Resources */,
				59DA61B3239F3C9D0064367E /* TableViewCell.xib in Resources */,
				5977AA3D239E328900176434 /* Assets.xcassets in Resources */,
				5977AA3B239E328800176434 /* Main.storyboard in Resources */,
			);
			runOnlyForDeploymentPostprocessing = 0;
		};
		5977AA44239E328900176434 /* Resources */ = {
			isa = PBXResourcesBuildPhase;
			buildActionMask = 2147483647;
			files = (
			);
			runOnlyForDeploymentPostprocessing = 0;
		};
		5977AA4F239E328900176434 /* Resources */ = {
			isa = PBXResourcesBuildPhase;
			buildActionMask = 2147483647;
			files = (
			);
			runOnlyForDeploymentPostprocessing = 0;
		};
/* End PBXResourcesBuildPhase section */

/* Begin PBXShellScriptBuildPhase section */
<<<<<<< HEAD
		9DAAF2E3DE595F7A25DD7F90 /* [CP] Check Pods Manifest.lock */ = {
			isa = PBXShellScriptBuildPhase;
			buildActionMask = 2147483647;
			files = (
			);
			inputFileListPaths = (
			);
			inputPaths = (
				"${PODS_PODFILE_DIR_PATH}/Podfile.lock",
				"${PODS_ROOT}/Manifest.lock",
			);
			name = "[CP] Check Pods Manifest.lock";
			outputFileListPaths = (
			);
			outputPaths = (
				"$(DERIVED_FILE_DIR)/Pods-RealmStudy-RealmStudyUITests-checkManifestLockResult.txt",
			);
			runOnlyForDeploymentPostprocessing = 0;
			shellPath = /bin/sh;
			shellScript = "diff \"${PODS_PODFILE_DIR_PATH}/Podfile.lock\" \"${PODS_ROOT}/Manifest.lock\" > /dev/null\nif [ $? != 0 ] ; then\n    # print error to STDERR\n    echo \"error: The sandbox is not in sync with the Podfile.lock. Run 'pod install' or update your CocoaPods installation.\" >&2\n    exit 1\nfi\n# This output is used by Xcode 'outputs' to avoid re-running this script phase.\necho \"SUCCESS\" > \"${SCRIPT_OUTPUT_FILE_0}\"\n";
			showEnvVarsInLog = 0;
		};
		D23CE3A5EC0C6790CFAB6A67 /* [CP] Embed Pods Frameworks */ = {
=======
		090E13E115763FF247C6C084 /* [CP] Embed Pods Frameworks */ = {
>>>>>>> ca991b58dafa28849b3f9bc8349f2a9d9263466c
			isa = PBXShellScriptBuildPhase;
			buildActionMask = 2147483647;
			files = (
			);
			inputFileListPaths = (
				"${PODS_ROOT}/Target Support Files/Pods-RealmStudy-RealmStudyUITests/Pods-RealmStudy-RealmStudyUITests-frameworks-${CONFIGURATION}-input-files.xcfilelist",
			);
			name = "[CP] Embed Pods Frameworks";
			outputFileListPaths = (
				"${PODS_ROOT}/Target Support Files/Pods-RealmStudy-RealmStudyUITests/Pods-RealmStudy-RealmStudyUITests-frameworks-${CONFIGURATION}-output-files.xcfilelist",
			);
			runOnlyForDeploymentPostprocessing = 0;
			shellPath = /bin/sh;
			shellScript = "\"${PODS_ROOT}/Target Support Files/Pods-RealmStudy-RealmStudyUITests/Pods-RealmStudy-RealmStudyUITests-frameworks.sh\"\n";
			showEnvVarsInLog = 0;
		};
<<<<<<< HEAD
		E4251D4B2ABA1F116A9CAE8C /* [CP] Check Pods Manifest.lock */ = {
=======
		1F6DE0F20BA0796AB9ADD27D /* [CP] Check Pods Manifest.lock */ = {
>>>>>>> ca991b58dafa28849b3f9bc8349f2a9d9263466c
			isa = PBXShellScriptBuildPhase;
			buildActionMask = 2147483647;
			files = (
			);
			inputFileListPaths = (
			);
			inputPaths = (
				"${PODS_PODFILE_DIR_PATH}/Podfile.lock",
				"${PODS_ROOT}/Manifest.lock",
			);
			name = "[CP] Check Pods Manifest.lock";
			outputFileListPaths = (
			);
			outputPaths = (
				"$(DERIVED_FILE_DIR)/Pods-RealmStudyTests-checkManifestLockResult.txt",
			);
			runOnlyForDeploymentPostprocessing = 0;
			shellPath = /bin/sh;
			shellScript = "diff \"${PODS_PODFILE_DIR_PATH}/Podfile.lock\" \"${PODS_ROOT}/Manifest.lock\" > /dev/null\nif [ $? != 0 ] ; then\n    # print error to STDERR\n    echo \"error: The sandbox is not in sync with the Podfile.lock. Run 'pod install' or update your CocoaPods installation.\" >&2\n    exit 1\nfi\n# This output is used by Xcode 'outputs' to avoid re-running this script phase.\necho \"SUCCESS\" > \"${SCRIPT_OUTPUT_FILE_0}\"\n";
			showEnvVarsInLog = 0;
		};
<<<<<<< HEAD
		EE52F5A65511A21C650696FD /* [CP] Embed Pods Frameworks */ = {
=======
		31AB8E8F3481EC603D334A19 /* [CP] Check Pods Manifest.lock */ = {
>>>>>>> ca991b58dafa28849b3f9bc8349f2a9d9263466c
			isa = PBXShellScriptBuildPhase;
			buildActionMask = 2147483647;
			files = (
			);
			inputFileListPaths = (
			);
			inputPaths = (
				"${PODS_PODFILE_DIR_PATH}/Podfile.lock",
				"${PODS_ROOT}/Manifest.lock",
			);
			name = "[CP] Check Pods Manifest.lock";
			outputFileListPaths = (
			);
			outputPaths = (
				"$(DERIVED_FILE_DIR)/Pods-RealmStudy-checkManifestLockResult.txt",
			);
			runOnlyForDeploymentPostprocessing = 0;
			shellPath = /bin/sh;
			shellScript = "diff \"${PODS_PODFILE_DIR_PATH}/Podfile.lock\" \"${PODS_ROOT}/Manifest.lock\" > /dev/null\nif [ $? != 0 ] ; then\n    # print error to STDERR\n    echo \"error: The sandbox is not in sync with the Podfile.lock. Run 'pod install' or update your CocoaPods installation.\" >&2\n    exit 1\nfi\n# This output is used by Xcode 'outputs' to avoid re-running this script phase.\necho \"SUCCESS\" > \"${SCRIPT_OUTPUT_FILE_0}\"\n";
			showEnvVarsInLog = 0;
		};
<<<<<<< HEAD
		F27B6AC297E8A61A08DAE40C /* [CP] Check Pods Manifest.lock */ = {
=======
		75A728908A854BB34EF07A62 /* [CP] Check Pods Manifest.lock */ = {
>>>>>>> ca991b58dafa28849b3f9bc8349f2a9d9263466c
			isa = PBXShellScriptBuildPhase;
			buildActionMask = 2147483647;
			files = (
			);
			inputFileListPaths = (
			);
			inputPaths = (
				"${PODS_PODFILE_DIR_PATH}/Podfile.lock",
				"${PODS_ROOT}/Manifest.lock",
			);
			name = "[CP] Check Pods Manifest.lock";
			outputFileListPaths = (
			);
			outputPaths = (
				"$(DERIVED_FILE_DIR)/Pods-RealmStudy-RealmStudyUITests-checkManifestLockResult.txt",
			);
			runOnlyForDeploymentPostprocessing = 0;
			shellPath = /bin/sh;
			shellScript = "diff \"${PODS_PODFILE_DIR_PATH}/Podfile.lock\" \"${PODS_ROOT}/Manifest.lock\" > /dev/null\nif [ $? != 0 ] ; then\n    # print error to STDERR\n    echo \"error: The sandbox is not in sync with the Podfile.lock. Run 'pod install' or update your CocoaPods installation.\" >&2\n    exit 1\nfi\n# This output is used by Xcode 'outputs' to avoid re-running this script phase.\necho \"SUCCESS\" > \"${SCRIPT_OUTPUT_FILE_0}\"\n";
			showEnvVarsInLog = 0;
		};
<<<<<<< HEAD
=======
		940A0B43F1597B2E8BF17839 /* [CP] Embed Pods Frameworks */ = {
			isa = PBXShellScriptBuildPhase;
			buildActionMask = 2147483647;
			files = (
			);
			inputFileListPaths = (
				"${PODS_ROOT}/Target Support Files/Pods-RealmStudy/Pods-RealmStudy-frameworks-${CONFIGURATION}-input-files.xcfilelist",
			);
			name = "[CP] Embed Pods Frameworks";
			outputFileListPaths = (
				"${PODS_ROOT}/Target Support Files/Pods-RealmStudy/Pods-RealmStudy-frameworks-${CONFIGURATION}-output-files.xcfilelist",
			);
			runOnlyForDeploymentPostprocessing = 0;
			shellPath = /bin/sh;
			shellScript = "\"${PODS_ROOT}/Target Support Files/Pods-RealmStudy/Pods-RealmStudy-frameworks.sh\"\n";
			showEnvVarsInLog = 0;
		};
>>>>>>> ca991b58dafa28849b3f9bc8349f2a9d9263466c
/* End PBXShellScriptBuildPhase section */

/* Begin PBXSourcesBuildPhase section */
		5977AA2C239E328800176434 /* Sources */ = {
			isa = PBXSourcesBuildPhase;
			buildActionMask = 2147483647;
			files = (
				59DA61B2239F3C9D0064367E /* TableViewCell.swift in Sources */,
				5977AA38239E328800176434 /* ViewController.swift in Sources */,
				5977AA34239E328800176434 /* AppDelegate.swift in Sources */,
				59DA61B5239F3EF20064367E /* TableViewUtil.swift in Sources */,
				5977AA36239E328800176434 /* SceneDelegate.swift in Sources */,
				5977AA64239E392600176434 /* Model.swift in Sources */,
			);
			runOnlyForDeploymentPostprocessing = 0;
		};
		5977AA42239E328900176434 /* Sources */ = {
			isa = PBXSourcesBuildPhase;
			buildActionMask = 2147483647;
			files = (
				5977AA4B239E328900176434 /* RealmStudyTests.swift in Sources */,
			);
			runOnlyForDeploymentPostprocessing = 0;
		};
		5977AA4D239E328900176434 /* Sources */ = {
			isa = PBXSourcesBuildPhase;
			buildActionMask = 2147483647;
			files = (
				5977AA56239E328900176434 /* RealmStudyUITests.swift in Sources */,
			);
			runOnlyForDeploymentPostprocessing = 0;
		};
/* End PBXSourcesBuildPhase section */

/* Begin PBXTargetDependency section */
		5977AA48239E328900176434 /* PBXTargetDependency */ = {
			isa = PBXTargetDependency;
			target = 5977AA2F239E328800176434 /* RealmStudy */;
			targetProxy = 5977AA47239E328900176434 /* PBXContainerItemProxy */;
		};
		5977AA53239E328900176434 /* PBXTargetDependency */ = {
			isa = PBXTargetDependency;
			target = 5977AA2F239E328800176434 /* RealmStudy */;
			targetProxy = 5977AA52239E328900176434 /* PBXContainerItemProxy */;
		};
/* End PBXTargetDependency section */

/* Begin PBXVariantGroup section */
		5977AA39239E328800176434 /* Main.storyboard */ = {
			isa = PBXVariantGroup;
			children = (
				5977AA3A239E328800176434 /* Base */,
			);
			name = Main.storyboard;
			sourceTree = "<group>";
		};
		5977AA3E239E328900176434 /* LaunchScreen.storyboard */ = {
			isa = PBXVariantGroup;
			children = (
				5977AA3F239E328900176434 /* Base */,
			);
			name = LaunchScreen.storyboard;
			sourceTree = "<group>";
		};
/* End PBXVariantGroup section */

/* Begin XCBuildConfiguration section */
		5977AA58239E328900176434 /* Debug */ = {
			isa = XCBuildConfiguration;
			buildSettings = {
				ALWAYS_SEARCH_USER_PATHS = NO;
				CLANG_ANALYZER_NONNULL = YES;
				CLANG_ANALYZER_NUMBER_OBJECT_CONVERSION = YES_AGGRESSIVE;
				CLANG_CXX_LANGUAGE_STANDARD = "gnu++14";
				CLANG_CXX_LIBRARY = "libc++";
				CLANG_ENABLE_MODULES = YES;
				CLANG_ENABLE_OBJC_ARC = YES;
				CLANG_ENABLE_OBJC_WEAK = YES;
				CLANG_WARN_BLOCK_CAPTURE_AUTORELEASING = YES;
				CLANG_WARN_BOOL_CONVERSION = YES;
				CLANG_WARN_COMMA = YES;
				CLANG_WARN_CONSTANT_CONVERSION = YES;
				CLANG_WARN_DEPRECATED_OBJC_IMPLEMENTATIONS = YES;
				CLANG_WARN_DIRECT_OBJC_ISA_USAGE = YES_ERROR;
				CLANG_WARN_DOCUMENTATION_COMMENTS = YES;
				CLANG_WARN_EMPTY_BODY = YES;
				CLANG_WARN_ENUM_CONVERSION = YES;
				CLANG_WARN_INFINITE_RECURSION = YES;
				CLANG_WARN_INT_CONVERSION = YES;
				CLANG_WARN_NON_LITERAL_NULL_CONVERSION = YES;
				CLANG_WARN_OBJC_IMPLICIT_RETAIN_SELF = YES;
				CLANG_WARN_OBJC_LITERAL_CONVERSION = YES;
				CLANG_WARN_OBJC_ROOT_CLASS = YES_ERROR;
				CLANG_WARN_RANGE_LOOP_ANALYSIS = YES;
				CLANG_WARN_STRICT_PROTOTYPES = YES;
				CLANG_WARN_SUSPICIOUS_MOVE = YES;
				CLANG_WARN_UNGUARDED_AVAILABILITY = YES_AGGRESSIVE;
				CLANG_WARN_UNREACHABLE_CODE = YES;
				CLANG_WARN__DUPLICATE_METHOD_MATCH = YES;
				COPY_PHASE_STRIP = NO;
				DEBUG_INFORMATION_FORMAT = dwarf;
				ENABLE_STRICT_OBJC_MSGSEND = YES;
				ENABLE_TESTABILITY = YES;
				GCC_C_LANGUAGE_STANDARD = gnu11;
				GCC_DYNAMIC_NO_PIC = NO;
				GCC_NO_COMMON_BLOCKS = YES;
				GCC_OPTIMIZATION_LEVEL = 0;
				GCC_PREPROCESSOR_DEFINITIONS = (
					"DEBUG=1",
					"$(inherited)",
				);
				GCC_WARN_64_TO_32_BIT_CONVERSION = YES;
				GCC_WARN_ABOUT_RETURN_TYPE = YES_ERROR;
				GCC_WARN_UNDECLARED_SELECTOR = YES;
				GCC_WARN_UNINITIALIZED_AUTOS = YES_AGGRESSIVE;
				GCC_WARN_UNUSED_FUNCTION = YES;
				GCC_WARN_UNUSED_VARIABLE = YES;
				IPHONEOS_DEPLOYMENT_TARGET = 13.2;
				MTL_ENABLE_DEBUG_INFO = INCLUDE_SOURCE;
				MTL_FAST_MATH = YES;
				ONLY_ACTIVE_ARCH = YES;
				SDKROOT = iphoneos;
				SWIFT_ACTIVE_COMPILATION_CONDITIONS = DEBUG;
				SWIFT_OPTIMIZATION_LEVEL = "-Onone";
			};
			name = Debug;
		};
		5977AA59239E328900176434 /* Release */ = {
			isa = XCBuildConfiguration;
			buildSettings = {
				ALWAYS_SEARCH_USER_PATHS = NO;
				CLANG_ANALYZER_NONNULL = YES;
				CLANG_ANALYZER_NUMBER_OBJECT_CONVERSION = YES_AGGRESSIVE;
				CLANG_CXX_LANGUAGE_STANDARD = "gnu++14";
				CLANG_CXX_LIBRARY = "libc++";
				CLANG_ENABLE_MODULES = YES;
				CLANG_ENABLE_OBJC_ARC = YES;
				CLANG_ENABLE_OBJC_WEAK = YES;
				CLANG_WARN_BLOCK_CAPTURE_AUTORELEASING = YES;
				CLANG_WARN_BOOL_CONVERSION = YES;
				CLANG_WARN_COMMA = YES;
				CLANG_WARN_CONSTANT_CONVERSION = YES;
				CLANG_WARN_DEPRECATED_OBJC_IMPLEMENTATIONS = YES;
				CLANG_WARN_DIRECT_OBJC_ISA_USAGE = YES_ERROR;
				CLANG_WARN_DOCUMENTATION_COMMENTS = YES;
				CLANG_WARN_EMPTY_BODY = YES;
				CLANG_WARN_ENUM_CONVERSION = YES;
				CLANG_WARN_INFINITE_RECURSION = YES;
				CLANG_WARN_INT_CONVERSION = YES;
				CLANG_WARN_NON_LITERAL_NULL_CONVERSION = YES;
				CLANG_WARN_OBJC_IMPLICIT_RETAIN_SELF = YES;
				CLANG_WARN_OBJC_LITERAL_CONVERSION = YES;
				CLANG_WARN_OBJC_ROOT_CLASS = YES_ERROR;
				CLANG_WARN_RANGE_LOOP_ANALYSIS = YES;
				CLANG_WARN_STRICT_PROTOTYPES = YES;
				CLANG_WARN_SUSPICIOUS_MOVE = YES;
				CLANG_WARN_UNGUARDED_AVAILABILITY = YES_AGGRESSIVE;
				CLANG_WARN_UNREACHABLE_CODE = YES;
				CLANG_WARN__DUPLICATE_METHOD_MATCH = YES;
				COPY_PHASE_STRIP = NO;
				DEBUG_INFORMATION_FORMAT = "dwarf-with-dsym";
				ENABLE_NS_ASSERTIONS = NO;
				ENABLE_STRICT_OBJC_MSGSEND = YES;
				GCC_C_LANGUAGE_STANDARD = gnu11;
				GCC_NO_COMMON_BLOCKS = YES;
				GCC_WARN_64_TO_32_BIT_CONVERSION = YES;
				GCC_WARN_ABOUT_RETURN_TYPE = YES_ERROR;
				GCC_WARN_UNDECLARED_SELECTOR = YES;
				GCC_WARN_UNINITIALIZED_AUTOS = YES_AGGRESSIVE;
				GCC_WARN_UNUSED_FUNCTION = YES;
				GCC_WARN_UNUSED_VARIABLE = YES;
				IPHONEOS_DEPLOYMENT_TARGET = 13.2;
				MTL_ENABLE_DEBUG_INFO = NO;
				MTL_FAST_MATH = YES;
				SDKROOT = iphoneos;
				SWIFT_COMPILATION_MODE = wholemodule;
				SWIFT_OPTIMIZATION_LEVEL = "-O";
				VALIDATE_PRODUCT = YES;
			};
			name = Release;
		};
		5977AA5B239E328900176434 /* Debug */ = {
			isa = XCBuildConfiguration;
<<<<<<< HEAD
			baseConfigurationReference = F1D96E41A1E9BB3183AE7E8E /* Pods-RealmStudy.debug.xcconfig */;
=======
			baseConfigurationReference = 32BBB51B9F23E40DFB0289E1 /* Pods-RealmStudy.debug.xcconfig */;
>>>>>>> ca991b58dafa28849b3f9bc8349f2a9d9263466c
			buildSettings = {
				ASSETCATALOG_COMPILER_APPICON_NAME = AppIcon;
				CODE_SIGN_STYLE = Automatic;
				DEVELOPMENT_TEAM = G8Q84RGJJC;
				INFOPLIST_FILE = RealmStudy/Info.plist;
				LD_RUNPATH_SEARCH_PATHS = (
					"$(inherited)",
					"@executable_path/Frameworks",
				);
				PRODUCT_BUNDLE_IDENTIFIER = com.fuksae.RealmStudy;
				PRODUCT_NAME = "$(TARGET_NAME)";
				SWIFT_VERSION = 5.0;
				TARGETED_DEVICE_FAMILY = "1,2";
			};
			name = Debug;
		};
		5977AA5C239E328900176434 /* Release */ = {
			isa = XCBuildConfiguration;
<<<<<<< HEAD
			baseConfigurationReference = 9D2E7C43B51F65388D3AA876 /* Pods-RealmStudy.release.xcconfig */;
=======
			baseConfigurationReference = 059430B198A2C0890EDC05CB /* Pods-RealmStudy.release.xcconfig */;
>>>>>>> ca991b58dafa28849b3f9bc8349f2a9d9263466c
			buildSettings = {
				ASSETCATALOG_COMPILER_APPICON_NAME = AppIcon;
				CODE_SIGN_STYLE = Automatic;
				DEVELOPMENT_TEAM = G8Q84RGJJC;
				INFOPLIST_FILE = RealmStudy/Info.plist;
				LD_RUNPATH_SEARCH_PATHS = (
					"$(inherited)",
					"@executable_path/Frameworks",
				);
				PRODUCT_BUNDLE_IDENTIFIER = com.fuksae.RealmStudy;
				PRODUCT_NAME = "$(TARGET_NAME)";
				SWIFT_VERSION = 5.0;
				TARGETED_DEVICE_FAMILY = "1,2";
			};
			name = Release;
		};
		5977AA5E239E328900176434 /* Debug */ = {
			isa = XCBuildConfiguration;
<<<<<<< HEAD
			baseConfigurationReference = 932F18402292DDC415DF5DEF /* Pods-RealmStudyTests.debug.xcconfig */;
=======
			baseConfigurationReference = 97DC7A5854CF05DBD5401C84 /* Pods-RealmStudyTests.debug.xcconfig */;
>>>>>>> ca991b58dafa28849b3f9bc8349f2a9d9263466c
			buildSettings = {
				ALWAYS_EMBED_SWIFT_STANDARD_LIBRARIES = YES;
				BUNDLE_LOADER = "$(TEST_HOST)";
				CODE_SIGN_STYLE = Automatic;
				DEVELOPMENT_TEAM = G8Q84RGJJC;
				INFOPLIST_FILE = RealmStudyTests/Info.plist;
				IPHONEOS_DEPLOYMENT_TARGET = 13.2;
				LD_RUNPATH_SEARCH_PATHS = (
					"$(inherited)",
					"@executable_path/Frameworks",
					"@loader_path/Frameworks",
				);
				PRODUCT_BUNDLE_IDENTIFIER = com.fuksae.RealmStudyTests;
				PRODUCT_NAME = "$(TARGET_NAME)";
				SWIFT_VERSION = 5.0;
				TARGETED_DEVICE_FAMILY = "1,2";
				TEST_HOST = "$(BUILT_PRODUCTS_DIR)/RealmStudy.app/RealmStudy";
			};
			name = Debug;
		};
		5977AA5F239E328900176434 /* Release */ = {
			isa = XCBuildConfiguration;
<<<<<<< HEAD
			baseConfigurationReference = 674F06CB7B4F494FC544795E /* Pods-RealmStudyTests.release.xcconfig */;
=======
			baseConfigurationReference = 27E05B4E95DA77FA19B68385 /* Pods-RealmStudyTests.release.xcconfig */;
>>>>>>> ca991b58dafa28849b3f9bc8349f2a9d9263466c
			buildSettings = {
				ALWAYS_EMBED_SWIFT_STANDARD_LIBRARIES = YES;
				BUNDLE_LOADER = "$(TEST_HOST)";
				CODE_SIGN_STYLE = Automatic;
				DEVELOPMENT_TEAM = G8Q84RGJJC;
				INFOPLIST_FILE = RealmStudyTests/Info.plist;
				IPHONEOS_DEPLOYMENT_TARGET = 13.2;
				LD_RUNPATH_SEARCH_PATHS = (
					"$(inherited)",
					"@executable_path/Frameworks",
					"@loader_path/Frameworks",
				);
				PRODUCT_BUNDLE_IDENTIFIER = com.fuksae.RealmStudyTests;
				PRODUCT_NAME = "$(TARGET_NAME)";
				SWIFT_VERSION = 5.0;
				TARGETED_DEVICE_FAMILY = "1,2";
				TEST_HOST = "$(BUILT_PRODUCTS_DIR)/RealmStudy.app/RealmStudy";
			};
			name = Release;
		};
		5977AA61239E328900176434 /* Debug */ = {
			isa = XCBuildConfiguration;
<<<<<<< HEAD
			baseConfigurationReference = 8C267AD4620EB53A5A2BEBAD /* Pods-RealmStudy-RealmStudyUITests.debug.xcconfig */;
=======
			baseConfigurationReference = A89D52F0FA09C2D198C26441 /* Pods-RealmStudy-RealmStudyUITests.debug.xcconfig */;
>>>>>>> ca991b58dafa28849b3f9bc8349f2a9d9263466c
			buildSettings = {
				ALWAYS_EMBED_SWIFT_STANDARD_LIBRARIES = YES;
				CODE_SIGN_STYLE = Automatic;
				DEVELOPMENT_TEAM = G8Q84RGJJC;
				INFOPLIST_FILE = RealmStudyUITests/Info.plist;
				LD_RUNPATH_SEARCH_PATHS = (
					"$(inherited)",
					"@executable_path/Frameworks",
					"@loader_path/Frameworks",
				);
				PRODUCT_BUNDLE_IDENTIFIER = com.fuksae.RealmStudyUITests;
				PRODUCT_NAME = "$(TARGET_NAME)";
				SWIFT_VERSION = 5.0;
				TARGETED_DEVICE_FAMILY = "1,2";
				TEST_TARGET_NAME = RealmStudy;
			};
			name = Debug;
		};
		5977AA62239E328900176434 /* Release */ = {
			isa = XCBuildConfiguration;
<<<<<<< HEAD
			baseConfigurationReference = 624448F1B9D3EBEED0F70F42 /* Pods-RealmStudy-RealmStudyUITests.release.xcconfig */;
=======
			baseConfigurationReference = C8BA9857BAF59B53100A1BD7 /* Pods-RealmStudy-RealmStudyUITests.release.xcconfig */;
>>>>>>> ca991b58dafa28849b3f9bc8349f2a9d9263466c
			buildSettings = {
				ALWAYS_EMBED_SWIFT_STANDARD_LIBRARIES = YES;
				CODE_SIGN_STYLE = Automatic;
				DEVELOPMENT_TEAM = G8Q84RGJJC;
				INFOPLIST_FILE = RealmStudyUITests/Info.plist;
				LD_RUNPATH_SEARCH_PATHS = (
					"$(inherited)",
					"@executable_path/Frameworks",
					"@loader_path/Frameworks",
				);
				PRODUCT_BUNDLE_IDENTIFIER = com.fuksae.RealmStudyUITests;
				PRODUCT_NAME = "$(TARGET_NAME)";
				SWIFT_VERSION = 5.0;
				TARGETED_DEVICE_FAMILY = "1,2";
				TEST_TARGET_NAME = RealmStudy;
			};
			name = Release;
		};
/* End XCBuildConfiguration section */

/* Begin XCConfigurationList section */
		5977AA2B239E328800176434 /* Build configuration list for PBXProject "RealmStudy" */ = {
			isa = XCConfigurationList;
			buildConfigurations = (
				5977AA58239E328900176434 /* Debug */,
				5977AA59239E328900176434 /* Release */,
			);
			defaultConfigurationIsVisible = 0;
			defaultConfigurationName = Release;
		};
		5977AA5A239E328900176434 /* Build configuration list for PBXNativeTarget "RealmStudy" */ = {
			isa = XCConfigurationList;
			buildConfigurations = (
				5977AA5B239E328900176434 /* Debug */,
				5977AA5C239E328900176434 /* Release */,
			);
			defaultConfigurationIsVisible = 0;
			defaultConfigurationName = Release;
		};
		5977AA5D239E328900176434 /* Build configuration list for PBXNativeTarget "RealmStudyTests" */ = {
			isa = XCConfigurationList;
			buildConfigurations = (
				5977AA5E239E328900176434 /* Debug */,
				5977AA5F239E328900176434 /* Release */,
			);
			defaultConfigurationIsVisible = 0;
			defaultConfigurationName = Release;
		};
		5977AA60239E328900176434 /* Build configuration list for PBXNativeTarget "RealmStudyUITests" */ = {
			isa = XCConfigurationList;
			buildConfigurations = (
				5977AA61239E328900176434 /* Debug */,
				5977AA62239E328900176434 /* Release */,
			);
			defaultConfigurationIsVisible = 0;
			defaultConfigurationName = Release;
		};
/* End XCConfigurationList section */
	};
	rootObject = 5977AA28239E328800176434 /* Project object */;
}
