// !$*UTF8*$!
{
	archiveVersion = 1;
	classes = {
	};
	objectVersion = 51;
	objects = {

/* Begin PBXBuildFile section */
		5735F2618167F27C83A146FF /* Pods_RealmStudy.framework in Frameworks */ = {isa = PBXBuildFile; fileRef = 707EC60C7AC95C90596D3FE3 /* Pods_RealmStudy.framework */; };
		591316B823A0ECC300177815 /* CollectionViewController.swift in Sources */ = {isa = PBXBuildFile; fileRef = 591316B723A0ECC300177815 /* CollectionViewController.swift */; };
		591316BC23A0F19700177815 /* Main.swift in Sources */ = {isa = PBXBuildFile; fileRef = 591316BB23A0F19700177815 /* Main.swift */; };
		591316BE23A0F1E100177815 /* ViewController.storyboard in Resources */ = {isa = PBXBuildFile; fileRef = 591316BD23A0F1E100177815 /* ViewController.storyboard */; };
		591316C023A0F20E00177815 /* CollectionViewController.storyboard in Resources */ = {isa = PBXBuildFile; fileRef = 591316BF23A0F20E00177815 /* CollectionViewController.storyboard */; };
		591316C323A0F5B700177815 /* CollectionViewCell.swift in Sources */ = {isa = PBXBuildFile; fileRef = 591316C123A0F5B700177815 /* CollectionViewCell.swift */; };
		591316C423A0F5B700177815 /* CollectionViewCell.xib in Resources */ = {isa = PBXBuildFile; fileRef = 591316C223A0F5B700177815 /* CollectionViewCell.xib */; };
		5977AA34239E328800176434 /* AppDelegate.swift in Sources */ = {isa = PBXBuildFile; fileRef = 5977AA33239E328800176434 /* AppDelegate.swift */; };
		5977AA36239E328800176434 /* SceneDelegate.swift in Sources */ = {isa = PBXBuildFile; fileRef = 5977AA35239E328800176434 /* SceneDelegate.swift */; };
		5977AA38239E328800176434 /* ViewController.swift in Sources */ = {isa = PBXBuildFile; fileRef = 5977AA37239E328800176434 /* ViewController.swift */; };
		5977AA3B239E328800176434 /* Main.storyboard in Resources */ = {isa = PBXBuildFile; fileRef = 5977AA39239E328800176434 /* Main.storyboard */; };
		5977AA3D239E328900176434 /* Assets.xcassets in Resources */ = {isa = PBXBuildFile; fileRef = 5977AA3C239E328900176434 /* Assets.xcassets */; };
		5977AA40239E328900176434 /* LaunchScreen.storyboard in Resources */ = {isa = PBXBuildFile; fileRef = 5977AA3E239E328900176434 /* LaunchScreen.storyboard */; };
		5977AA4B239E328900176434 /* RealmStudyTests.swift in Sources */ = {isa = PBXBuildFile; fileRef = 5977AA4A239E328900176434 /* RealmStudyTests.swift */; };
		5977AA56239E328900176434 /* RealmStudyUITests.swift in Sources */ = {isa = PBXBuildFile; fileRef = 5977AA55239E328900176434 /* RealmStudyUITests.swift */; };
		5977AA64239E392600176434 /* Model.swift in Sources */ = {isa = PBXBuildFile; fileRef = 5977AA63239E392600176434 /* Model.swift */; };
		59DA61B2239F3C9D0064367E /* TableViewCell.swift in Sources */ = {isa = PBXBuildFile; fileRef = 59DA61B0239F3C9D0064367E /* TableViewCell.swift */; };
		59DA61B3239F3C9D0064367E /* TableViewCell.xib in Resources */ = {isa = PBXBuildFile; fileRef = 59DA61B1239F3C9D0064367E /* TableViewCell.xib */; };
		59DA61B5239F3EF20064367E /* TableViewUtil.swift in Sources */ = {isa = PBXBuildFile; fileRef = 59DA61B4239F3EF20064367E /* TableViewUtil.swift */; };
		864A6CC9B40C98EB37F26FD0 /* Pods_RealmStudy_RealmStudyUITests.framework in Frameworks */ = {isa = PBXBuildFile; fileRef = 0D4109157AC7E927E7774BFB /* Pods_RealmStudy_RealmStudyUITests.framework */; };
		EF408F0D6C3D4523BAD00C5E /* Pods_RealmStudyTests.framework in Frameworks */ = {isa = PBXBuildFile; fileRef = C81DB1868E0EC95C202773E9 /* Pods_RealmStudyTests.framework */; };
/* End PBXBuildFile section */

/* Begin PBXContainerItemProxy section */
		5977AA47239E328900176434 /* PBXContainerItemProxy */ = {
			isa = PBXContainerItemProxy;
			containerPortal = 5977AA28239E328800176434 /* Project object */;
			proxyType = 1;
			remoteGlobalIDString = 5977AA2F239E328800176434;
			remoteInfo = RealmStudy;
		};
		5977AA52239E328900176434 /* PBXContainerItemProxy */ = {
			isa = PBXContainerItemProxy;
			containerPortal = 5977AA28239E328800176434 /* Project object */;
			proxyType = 1;
			remoteGlobalIDString = 5977AA2F239E328800176434;
			remoteInfo = RealmStudy;
		};
/* End PBXContainerItemProxy section */

/* Begin PBXFileReference section */
		0B952AA9586E7BAF4C7CFADF /* Pods-RealmStudyTests.debug.xcconfig */ = {isa = PBXFileReference; includeInIndex = 1; lastKnownFileType = text.xcconfig; name = "Pods-RealmStudyTests.debug.xcconfig"; path = "Target Support Files/Pods-RealmStudyTests/Pods-RealmStudyTests.debug.xcconfig"; sourceTree = "<group>"; };
		0D4109157AC7E927E7774BFB /* Pods_RealmStudy_RealmStudyUITests.framework */ = {isa = PBXFileReference; explicitFileType = wrapper.framework; includeInIndex = 0; path = Pods_RealmStudy_RealmStudyUITests.framework; sourceTree = BUILT_PRODUCTS_DIR; };
		18EED1897C09D941CDB612B7 /* Pods-RealmStudy-RealmStudyUITests.release.xcconfig */ = {isa = PBXFileReference; includeInIndex = 1; lastKnownFileType = text.xcconfig; name = "Pods-RealmStudy-RealmStudyUITests.release.xcconfig"; path = "Target Support Files/Pods-RealmStudy-RealmStudyUITests/Pods-RealmStudy-RealmStudyUITests.release.xcconfig"; sourceTree = "<group>"; };
		591316B723A0ECC300177815 /* CollectionViewController.swift */ = {isa = PBXFileReference; lastKnownFileType = sourcecode.swift; path = CollectionViewController.swift; sourceTree = "<group>"; };
		591316BB23A0F19700177815 /* Main.swift */ = {isa = PBXFileReference; lastKnownFileType = sourcecode.swift; path = Main.swift; sourceTree = "<group>"; };
		591316BD23A0F1E100177815 /* ViewController.storyboard */ = {isa = PBXFileReference; lastKnownFileType = file.storyboard; path = ViewController.storyboard; sourceTree = "<group>"; };
		591316BF23A0F20E00177815 /* CollectionViewController.storyboard */ = {isa = PBXFileReference; lastKnownFileType = file.storyboard; path = CollectionViewController.storyboard; sourceTree = "<group>"; };
		591316C123A0F5B700177815 /* CollectionViewCell.swift */ = {isa = PBXFileReference; lastKnownFileType = sourcecode.swift; path = CollectionViewCell.swift; sourceTree = "<group>"; };
		591316C223A0F5B700177815 /* CollectionViewCell.xib */ = {isa = PBXFileReference; lastKnownFileType = file.xib; path = CollectionViewCell.xib; sourceTree = "<group>"; };
		5977AA30239E328800176434 /* RealmStudy.app */ = {isa = PBXFileReference; explicitFileType = wrapper.application; includeInIndex = 0; path = RealmStudy.app; sourceTree = BUILT_PRODUCTS_DIR; };
		5977AA33239E328800176434 /* AppDelegate.swift */ = {isa = PBXFileReference; lastKnownFileType = sourcecode.swift; path = AppDelegate.swift; sourceTree = "<group>"; };
		5977AA35239E328800176434 /* SceneDelegate.swift */ = {isa = PBXFileReference; lastKnownFileType = sourcecode.swift; path = SceneDelegate.swift; sourceTree = "<group>"; };
		5977AA37239E328800176434 /* ViewController.swift */ = {isa = PBXFileReference; lastKnownFileType = sourcecode.swift; path = ViewController.swift; sourceTree = "<group>"; };
		5977AA3A239E328800176434 /* Base */ = {isa = PBXFileReference; lastKnownFileType = file.storyboard; name = Base; path = Base.lproj/Main.storyboard; sourceTree = "<group>"; };
		5977AA3C239E328900176434 /* Assets.xcassets */ = {isa = PBXFileReference; lastKnownFileType = folder.assetcatalog; path = Assets.xcassets; sourceTree = "<group>"; };
		5977AA3F239E328900176434 /* Base */ = {isa = PBXFileReference; lastKnownFileType = file.storyboard; name = Base; path = Base.lproj/LaunchScreen.storyboard; sourceTree = "<group>"; };
		5977AA41239E328900176434 /* Info.plist */ = {isa = PBXFileReference; lastKnownFileType = text.plist.xml; path = Info.plist; sourceTree = "<group>"; };
		5977AA46239E328900176434 /* RealmStudyTests.xctest */ = {isa = PBXFileReference; explicitFileType = wrapper.cfbundle; includeInIndex = 0; path = RealmStudyTests.xctest; sourceTree = BUILT_PRODUCTS_DIR; };
		5977AA4A239E328900176434 /* RealmStudyTests.swift */ = {isa = PBXFileReference; lastKnownFileType = sourcecode.swift; path = RealmStudyTests.swift; sourceTree = "<group>"; };
		5977AA4C239E328900176434 /* Info.plist */ = {isa = PBXFileReference; lastKnownFileType = text.plist.xml; path = Info.plist; sourceTree = "<group>"; };
		5977AA51239E328900176434 /* RealmStudyUITests.xctest */ = {isa = PBXFileReference; explicitFileType = wrapper.cfbundle; includeInIndex = 0; path = RealmStudyUITests.xctest; sourceTree = BUILT_PRODUCTS_DIR; };
		5977AA55239E328900176434 /* RealmStudyUITests.swift */ = {isa = PBXFileReference; lastKnownFileType = sourcecode.swift; path = RealmStudyUITests.swift; sourceTree = "<group>"; };
		5977AA57239E328900176434 /* Info.plist */ = {isa = PBXFileReference; lastKnownFileType = text.plist.xml; path = Info.plist; sourceTree = "<group>"; };
		5977AA63239E392600176434 /* Model.swift */ = {isa = PBXFileReference; lastKnownFileType = sourcecode.swift; path = Model.swift; sourceTree = "<group>"; };
		59DA61B0239F3C9D0064367E /* TableViewCell.swift */ = {isa = PBXFileReference; lastKnownFileType = sourcecode.swift; path = TableViewCell.swift; sourceTree = "<group>"; };
		59DA61B1239F3C9D0064367E /* TableViewCell.xib */ = {isa = PBXFileReference; lastKnownFileType = file.xib; path = TableViewCell.xib; sourceTree = "<group>"; };
		59DA61B4239F3EF20064367E /* TableViewUtil.swift */ = {isa = PBXFileReference; lastKnownFileType = sourcecode.swift; path = TableViewUtil.swift; sourceTree = "<group>"; };
		707EC60C7AC95C90596D3FE3 /* Pods_RealmStudy.framework */ = {isa = PBXFileReference; explicitFileType = wrapper.framework; includeInIndex = 0; path = Pods_RealmStudy.framework; sourceTree = BUILT_PRODUCTS_DIR; };
		9EBDC187F42CD18A57CC0332 /* Pods-RealmStudy.release.xcconfig */ = {isa = PBXFileReference; includeInIndex = 1; lastKnownFileType = text.xcconfig; name = "Pods-RealmStudy.release.xcconfig"; path = "Target Support Files/Pods-RealmStudy/Pods-RealmStudy.release.xcconfig"; sourceTree = "<group>"; };
		C81DB1868E0EC95C202773E9 /* Pods_RealmStudyTests.framework */ = {isa = PBXFileReference; explicitFileType = wrapper.framework; includeInIndex = 0; path = Pods_RealmStudyTests.framework; sourceTree = BUILT_PRODUCTS_DIR; };
		D345DF466E6E9844BEC29FA4 /* Pods-RealmStudy.debug.xcconfig */ = {isa = PBXFileReference; includeInIndex = 1; lastKnownFileType = text.xcconfig; name = "Pods-RealmStudy.debug.xcconfig"; path = "Target Support Files/Pods-RealmStudy/Pods-RealmStudy.debug.xcconfig"; sourceTree = "<group>"; };
		ECF2C73899F800D9C5707005 /* Pods-RealmStudy-RealmStudyUITests.debug.xcconfig */ = {isa = PBXFileReference; includeInIndex = 1; lastKnownFileType = text.xcconfig; name = "Pods-RealmStudy-RealmStudyUITests.debug.xcconfig"; path = "Target Support Files/Pods-RealmStudy-RealmStudyUITests/Pods-RealmStudy-RealmStudyUITests.debug.xcconfig"; sourceTree = "<group>"; };
		F0BA1FA0BF3E69A25CAFD8FA /* Pods-RealmStudyTests.release.xcconfig */ = {isa = PBXFileReference; includeInIndex = 1; lastKnownFileType = text.xcconfig; name = "Pods-RealmStudyTests.release.xcconfig"; path = "Target Support Files/Pods-RealmStudyTests/Pods-RealmStudyTests.release.xcconfig"; sourceTree = "<group>"; };
/* End PBXFileReference section */

/* Begin PBXFrameworksBuildPhase section */
		5977AA2D239E328800176434 /* Frameworks */ = {
			isa = PBXFrameworksBuildPhase;
			buildActionMask = 2147483647;
			files = (
				5735F2618167F27C83A146FF /* Pods_RealmStudy.framework in Frameworks */,
			);
			runOnlyForDeploymentPostprocessing = 0;
		};
		5977AA43239E328900176434 /* Frameworks */ = {
			isa = PBXFrameworksBuildPhase;
			buildActionMask = 2147483647;
			files = (
				EF408F0D6C3D4523BAD00C5E /* Pods_RealmStudyTests.framework in Frameworks */,
			);
			runOnlyForDeploymentPostprocessing = 0;
		};
		5977AA4E239E328900176434 /* Frameworks */ = {
			isa = PBXFrameworksBuildPhase;
			buildActionMask = 2147483647;
			files = (
				864A6CC9B40C98EB37F26FD0 /* Pods_RealmStudy_RealmStudyUITests.framework in Frameworks */,
			);
			runOnlyForDeploymentPostprocessing = 0;
		};
/* End PBXFrameworksBuildPhase section */

/* Begin PBXGroup section */
		2BB3F19DBAA88D721244C145 /* Frameworks */ = {
			isa = PBXGroup;
			children = (
				707EC60C7AC95C90596D3FE3 /* Pods_RealmStudy.framework */,
				0D4109157AC7E927E7774BFB /* Pods_RealmStudy_RealmStudyUITests.framework */,
				C81DB1868E0EC95C202773E9 /* Pods_RealmStudyTests.framework */,
			);
			name = Frameworks;
			sourceTree = "<group>";
		};
		4D44901CB19F3F6E64056377 /* Pods */ = {
			isa = PBXGroup;
			children = (
				D345DF466E6E9844BEC29FA4 /* Pods-RealmStudy.debug.xcconfig */,
				9EBDC187F42CD18A57CC0332 /* Pods-RealmStudy.release.xcconfig */,
				ECF2C73899F800D9C5707005 /* Pods-RealmStudy-RealmStudyUITests.debug.xcconfig */,
				18EED1897C09D941CDB612B7 /* Pods-RealmStudy-RealmStudyUITests.release.xcconfig */,
				0B952AA9586E7BAF4C7CFADF /* Pods-RealmStudyTests.debug.xcconfig */,
				F0BA1FA0BF3E69A25CAFD8FA /* Pods-RealmStudyTests.release.xcconfig */,
			);
			path = Pods;
			sourceTree = "<group>";
		};
		5977AA27239E328800176434 = {
			isa = PBXGroup;
			children = (
				5977AA32239E328800176434 /* RealmStudy */,
				5977AA49239E328900176434 /* RealmStudyTests */,
				5977AA54239E328900176434 /* RealmStudyUITests */,
				5977AA31239E328800176434 /* Products */,
				4D44901CB19F3F6E64056377 /* Pods */,
				2BB3F19DBAA88D721244C145 /* Frameworks */,
			);
			sourceTree = "<group>";
		};
		5977AA31239E328800176434 /* Products */ = {
			isa = PBXGroup;
			children = (
				5977AA30239E328800176434 /* RealmStudy.app */,
				5977AA46239E328900176434 /* RealmStudyTests.xctest */,
				5977AA51239E328900176434 /* RealmStudyUITests.xctest */,
			);
			name = Products;
			sourceTree = "<group>";
		};
		5977AA32239E328800176434 /* RealmStudy */ = {
			isa = PBXGroup;
			children = (
				5977AA33239E328800176434 /* AppDelegate.swift */,
				5977AA35239E328800176434 /* SceneDelegate.swift */,
				591316BB23A0F19700177815 /* Main.swift */,
				5977AA39239E328800176434 /* Main.storyboard */,
				5977AA63239E392600176434 /* Model.swift */,
				5977AA37239E328800176434 /* ViewController.swift */,
				591316BD23A0F1E100177815 /* ViewController.storyboard */,
				591316B723A0ECC300177815 /* CollectionViewController.swift */,
				591316BF23A0F20E00177815 /* CollectionViewController.storyboard */,
				591316C123A0F5B700177815 /* CollectionViewCell.swift */,
				591316C223A0F5B700177815 /* CollectionViewCell.xib */,
				59DA61B0239F3C9D0064367E /* TableViewCell.swift */,
				59DA61B1239F3C9D0064367E /* TableViewCell.xib */,
				59DA61B4239F3EF20064367E /* TableViewUtil.swift */,
				5977AA3C239E328900176434 /* Assets.xcassets */,
				5977AA3E239E328900176434 /* LaunchScreen.storyboard */,
				5977AA41239E328900176434 /* Info.plist */,
			);
			path = RealmStudy;
			sourceTree = "<group>";
		};
		5977AA49239E328900176434 /* RealmStudyTests */ = {
			isa = PBXGroup;
			children = (
				5977AA4A239E328900176434 /* RealmStudyTests.swift */,
				5977AA4C239E328900176434 /* Info.plist */,
			);
			path = RealmStudyTests;
			sourceTree = "<group>";
		};
		5977AA54239E328900176434 /* RealmStudyUITests */ = {
			isa = PBXGroup;
			children = (
				5977AA55239E328900176434 /* RealmStudyUITests.swift */,
				5977AA57239E328900176434 /* Info.plist */,
			);
			path = RealmStudyUITests;
			sourceTree = "<group>";
		};
/* End PBXGroup section */

/* Begin PBXNativeTarget section */
		5977AA2F239E328800176434 /* RealmStudy */ = {
			isa = PBXNativeTarget;
			buildConfigurationList = 5977AA5A239E328900176434 /* Build configuration list for PBXNativeTarget "RealmStudy" */;
			buildPhases = (
				F8DDF1AF67974E5F01760359 /* [CP] Check Pods Manifest.lock */,
				5977AA2C239E328800176434 /* Sources */,
				5977AA2D239E328800176434 /* Frameworks */,
				5977AA2E239E328800176434 /* Resources */,
				9A1363697219810E005DAAB4 /* [CP] Embed Pods Frameworks */,
			);
			buildRules = (
			);
			dependencies = (
			);
			name = RealmStudy;
			productName = RealmStudy;
			productReference = 5977AA30239E328800176434 /* RealmStudy.app */;
			productType = "com.apple.product-type.application";
		};
		5977AA45239E328900176434 /* RealmStudyTests */ = {
			isa = PBXNativeTarget;
			buildConfigurationList = 5977AA5D239E328900176434 /* Build configuration list for PBXNativeTarget "RealmStudyTests" */;
			buildPhases = (
				FF595CE8D0013E6DA0B9B56C /* [CP] Check Pods Manifest.lock */,
				5977AA42239E328900176434 /* Sources */,
				5977AA43239E328900176434 /* Frameworks */,
				5977AA44239E328900176434 /* Resources */,
			);
			buildRules = (
			);
			dependencies = (
				5977AA48239E328900176434 /* PBXTargetDependency */,
			);
			name = RealmStudyTests;
			productName = RealmStudyTests;
			productReference = 5977AA46239E328900176434 /* RealmStudyTests.xctest */;
			productType = "com.apple.product-type.bundle.unit-test";
		};
		5977AA50239E328900176434 /* RealmStudyUITests */ = {
			isa = PBXNativeTarget;
			buildConfigurationList = 5977AA60239E328900176434 /* Build configuration list for PBXNativeTarget "RealmStudyUITests" */;
			buildPhases = (
				BFAE86D25C57B6548FBD4189 /* [CP] Check Pods Manifest.lock */,
				5977AA4D239E328900176434 /* Sources */,
				5977AA4E239E328900176434 /* Frameworks */,
				5977AA4F239E328900176434 /* Resources */,
				792CEA454B38A0625C313C1A /* [CP] Embed Pods Frameworks */,
			);
			buildRules = (
			);
			dependencies = (
				5977AA53239E328900176434 /* PBXTargetDependency */,
			);
			name = RealmStudyUITests;
			productName = RealmStudyUITests;
			productReference = 5977AA51239E328900176434 /* RealmStudyUITests.xctest */;
			productType = "com.apple.product-type.bundle.ui-testing";
		};
/* End PBXNativeTarget section */

/* Begin PBXProject section */
		5977AA28239E328800176434 /* Project object */ = {
			isa = PBXProject;
			attributes = {
				LastSwiftUpdateCheck = 1120;
				LastUpgradeCheck = 1120;
				ORGANIZATIONNAME = "深瀬 貴将";
				TargetAttributes = {
					5977AA2F239E328800176434 = {
						CreatedOnToolsVersion = 11.2.1;
					};
					5977AA45239E328900176434 = {
						CreatedOnToolsVersion = 11.2.1;
						TestTargetID = 5977AA2F239E328800176434;
					};
					5977AA50239E328900176434 = {
						CreatedOnToolsVersion = 11.2.1;
						TestTargetID = 5977AA2F239E328800176434;
					};
				};
			};
			buildConfigurationList = 5977AA2B239E328800176434 /* Build configuration list for PBXProject "RealmStudy" */;
			compatibilityVersion = "Xcode 9.3";
			developmentRegion = en;
			hasScannedForEncodings = 0;
			knownRegions = (
				en,
				Base,
			);
			mainGroup = 5977AA27239E328800176434;
			productRefGroup = 5977AA31239E328800176434 /* Products */;
			projectDirPath = "";
			projectRoot = "";
			targets = (
				5977AA2F239E328800176434 /* RealmStudy */,
				5977AA45239E328900176434 /* RealmStudyTests */,
				5977AA50239E328900176434 /* RealmStudyUITests */,
			);
		};
/* End PBXProject section */

/* Begin PBXResourcesBuildPhase section */
		5977AA2E239E328800176434 /* Resources */ = {
			isa = PBXResourcesBuildPhase;
			buildActionMask = 2147483647;
			files = (
				5977AA40239E328900176434 /* LaunchScreen.storyboard in Resources */,
				591316C423A0F5B700177815 /* CollectionViewCell.xib in Resources */,
				591316BE23A0F1E100177815 /* ViewController.storyboard in Resources */,
				59DA61B3239F3C9D0064367E /* TableViewCell.xib in Resources */,
				591316C023A0F20E00177815 /* CollectionViewController.storyboard in Resources */,
				5977AA3D239E328900176434 /* Assets.xcassets in Resources */,
				5977AA3B239E328800176434 /* Main.storyboard in Resources */,
			);
			runOnlyForDeploymentPostprocessing = 0;
		};
		5977AA44239E328900176434 /* Resources */ = {
			isa = PBXResourcesBuildPhase;
			buildActionMask = 2147483647;
			files = (
			);
			runOnlyForDeploymentPostprocessing = 0;
		};
		5977AA4F239E328900176434 /* Resources */ = {
			isa = PBXResourcesBuildPhase;
			buildActionMask = 2147483647;
			files = (
			);
			runOnlyForDeploymentPostprocessing = 0;
		};
/* End PBXResourcesBuildPhase section */

/* Begin PBXShellScriptBuildPhase section */
		792CEA454B38A0625C313C1A /* [CP] Embed Pods Frameworks */ = {
			isa = PBXShellScriptBuildPhase;
			buildActionMask = 2147483647;
			files = (
			);
			inputFileListPaths = (
				"${PODS_ROOT}/Target Support Files/Pods-RealmStudy-RealmStudyUITests/Pods-RealmStudy-RealmStudyUITests-frameworks-${CONFIGURATION}-input-files.xcfilelist",
			);
			name = "[CP] Embed Pods Frameworks";
			outputFileListPaths = (
				"${PODS_ROOT}/Target Support Files/Pods-RealmStudy-RealmStudyUITests/Pods-RealmStudy-RealmStudyUITests-frameworks-${CONFIGURATION}-output-files.xcfilelist",
			);
			runOnlyForDeploymentPostprocessing = 0;
			shellPath = /bin/sh;
			shellScript = "\"${PODS_ROOT}/Target Support Files/Pods-RealmStudy-RealmStudyUITests/Pods-RealmStudy-RealmStudyUITests-frameworks.sh\"\n";
			showEnvVarsInLog = 0;
		};
		9A1363697219810E005DAAB4 /* [CP] Embed Pods Frameworks */ = {
			isa = PBXShellScriptBuildPhase;
			buildActionMask = 2147483647;
			files = (
			);
			inputFileListPaths = (
				"${PODS_ROOT}/Target Support Files/Pods-RealmStudy/Pods-RealmStudy-frameworks-${CONFIGURATION}-input-files.xcfilelist",
			);
			name = "[CP] Embed Pods Frameworks";
			outputFileListPaths = (
				"${PODS_ROOT}/Target Support Files/Pods-RealmStudy/Pods-RealmStudy-frameworks-${CONFIGURATION}-output-files.xcfilelist",
			);
			runOnlyForDeploymentPostprocessing = 0;
			shellPath = /bin/sh;
			shellScript = "\"${PODS_ROOT}/Target Support Files/Pods-RealmStudy/Pods-RealmStudy-frameworks.sh\"\n";
			showEnvVarsInLog = 0;
		};
		BFAE86D25C57B6548FBD4189 /* [CP] Check Pods Manifest.lock */ = {
			isa = PBXShellScriptBuildPhase;
			buildActionMask = 2147483647;
			files = (
			);
			inputFileListPaths = (
			);
			inputPaths = (
				"${PODS_PODFILE_DIR_PATH}/Podfile.lock",
				"${PODS_ROOT}/Manifest.lock",
			);
			name = "[CP] Check Pods Manifest.lock";
			outputFileListPaths = (
			);
			outputPaths = (
				"$(DERIVED_FILE_DIR)/Pods-RealmStudy-RealmStudyUITests-checkManifestLockResult.txt",
			);
			runOnlyForDeploymentPostprocessing = 0;
			shellPath = /bin/sh;
			shellScript = "diff \"${PODS_PODFILE_DIR_PATH}/Podfile.lock\" \"${PODS_ROOT}/Manifest.lock\" > /dev/null\nif [ $? != 0 ] ; then\n    # print error to STDERR\n    echo \"error: The sandbox is not in sync with the Podfile.lock. Run 'pod install' or update your CocoaPods installation.\" >&2\n    exit 1\nfi\n# This output is used by Xcode 'outputs' to avoid re-running this script phase.\necho \"SUCCESS\" > \"${SCRIPT_OUTPUT_FILE_0}\"\n";
			showEnvVarsInLog = 0;
		};
		F8DDF1AF67974E5F01760359 /* [CP] Check Pods Manifest.lock */ = {
			isa = PBXShellScriptBuildPhase;
			buildActionMask = 2147483647;
			files = (
			);
			inputFileListPaths = (
			);
			inputPaths = (
				"${PODS_PODFILE_DIR_PATH}/Podfile.lock",
				"${PODS_ROOT}/Manifest.lock",
			);
			name = "[CP] Check Pods Manifest.lock";
			outputFileListPaths = (
			);
			outputPaths = (
				"$(DERIVED_FILE_DIR)/Pods-RealmStudy-checkManifestLockResult.txt",
			);
			runOnlyForDeploymentPostprocessing = 0;
			shellPath = /bin/sh;
			shellScript = "diff \"${PODS_PODFILE_DIR_PATH}/Podfile.lock\" \"${PODS_ROOT}/Manifest.lock\" > /dev/null\nif [ $? != 0 ] ; then\n    # print error to STDERR\n    echo \"error: The sandbox is not in sync with the Podfile.lock. Run 'pod install' or update your CocoaPods installation.\" >&2\n    exit 1\nfi\n# This output is used by Xcode 'outputs' to avoid re-running this script phase.\necho \"SUCCESS\" > \"${SCRIPT_OUTPUT_FILE_0}\"\n";
			showEnvVarsInLog = 0;
		};
		FF595CE8D0013E6DA0B9B56C /* [CP] Check Pods Manifest.lock */ = {
			isa = PBXShellScriptBuildPhase;
			buildActionMask = 2147483647;
			files = (
			);
			inputFileListPaths = (
			);
			inputPaths = (
				"${PODS_PODFILE_DIR_PATH}/Podfile.lock",
				"${PODS_ROOT}/Manifest.lock",
			);
			name = "[CP] Check Pods Manifest.lock";
			outputFileListPaths = (
			);
			outputPaths = (
				"$(DERIVED_FILE_DIR)/Pods-RealmStudyTests-checkManifestLockResult.txt",
			);
			runOnlyForDeploymentPostprocessing = 0;
			shellPath = /bin/sh;
			shellScript = "diff \"${PODS_PODFILE_DIR_PATH}/Podfile.lock\" \"${PODS_ROOT}/Manifest.lock\" > /dev/null\nif [ $? != 0 ] ; then\n    # print error to STDERR\n    echo \"error: The sandbox is not in sync with the Podfile.lock. Run 'pod install' or update your CocoaPods installation.\" >&2\n    exit 1\nfi\n# This output is used by Xcode 'outputs' to avoid re-running this script phase.\necho \"SUCCESS\" > \"${SCRIPT_OUTPUT_FILE_0}\"\n";
			showEnvVarsInLog = 0;
		};
/* End PBXShellScriptBuildPhase section */

/* Begin PBXSourcesBuildPhase section */
		5977AA2C239E328800176434 /* Sources */ = {
			isa = PBXSourcesBuildPhase;
			buildActionMask = 2147483647;
			files = (
				59DA61B2239F3C9D0064367E /* TableViewCell.swift in Sources */,
				5977AA38239E328800176434 /* ViewController.swift in Sources */,
				591316C323A0F5B700177815 /* CollectionViewCell.swift in Sources */,
				591316BC23A0F19700177815 /* Main.swift in Sources */,
				5977AA34239E328800176434 /* AppDelegate.swift in Sources */,
				59DA61B5239F3EF20064367E /* TableViewUtil.swift in Sources */,
				591316B823A0ECC300177815 /* CollectionViewController.swift in Sources */,
				5977AA36239E328800176434 /* SceneDelegate.swift in Sources */,
				5977AA64239E392600176434 /* Model.swift in Sources */,
			);
			runOnlyForDeploymentPostprocessing = 0;
		};
		5977AA42239E328900176434 /* Sources */ = {
			isa = PBXSourcesBuildPhase;
			buildActionMask = 2147483647;
			files = (
				5977AA4B239E328900176434 /* RealmStudyTests.swift in Sources */,
			);
			runOnlyForDeploymentPostprocessing = 0;
		};
		5977AA4D239E328900176434 /* Sources */ = {
			isa = PBXSourcesBuildPhase;
			buildActionMask = 2147483647;
			files = (
				5977AA56239E328900176434 /* RealmStudyUITests.swift in Sources */,
			);
			runOnlyForDeploymentPostprocessing = 0;
		};
/* End PBXSourcesBuildPhase section */

/* Begin PBXTargetDependency section */
		5977AA48239E328900176434 /* PBXTargetDependency */ = {
			isa = PBXTargetDependency;
			target = 5977AA2F239E328800176434 /* RealmStudy */;
			targetProxy = 5977AA47239E328900176434 /* PBXContainerItemProxy */;
		};
		5977AA53239E328900176434 /* PBXTargetDependency */ = {
			isa = PBXTargetDependency;
			target = 5977AA2F239E328800176434 /* RealmStudy */;
			targetProxy = 5977AA52239E328900176434 /* PBXContainerItemProxy */;
		};
/* End PBXTargetDependency section */

/* Begin PBXVariantGroup section */
		5977AA39239E328800176434 /* Main.storyboard */ = {
			isa = PBXVariantGroup;
			children = (
				5977AA3A239E328800176434 /* Base */,
			);
			name = Main.storyboard;
			sourceTree = "<group>";
		};
		5977AA3E239E328900176434 /* LaunchScreen.storyboard */ = {
			isa = PBXVariantGroup;
			children = (
				5977AA3F239E328900176434 /* Base */,
			);
			name = LaunchScreen.storyboard;
			sourceTree = "<group>";
		};
/* End PBXVariantGroup section */

/* Begin XCBuildConfiguration section */
		5977AA58239E328900176434 /* Debug */ = {
			isa = XCBuildConfiguration;
			buildSettings = {
				ALWAYS_SEARCH_USER_PATHS = NO;
				CLANG_ANALYZER_NONNULL = YES;
				CLANG_ANALYZER_NUMBER_OBJECT_CONVERSION = YES_AGGRESSIVE;
				CLANG_CXX_LANGUAGE_STANDARD = "gnu++14";
				CLANG_CXX_LIBRARY = "libc++";
				CLANG_ENABLE_MODULES = YES;
				CLANG_ENABLE_OBJC_ARC = YES;
				CLANG_ENABLE_OBJC_WEAK = YES;
				CLANG_WARN_BLOCK_CAPTURE_AUTORELEASING = YES;
				CLANG_WARN_BOOL_CONVERSION = YES;
				CLANG_WARN_COMMA = YES;
				CLANG_WARN_CONSTANT_CONVERSION = YES;
				CLANG_WARN_DEPRECATED_OBJC_IMPLEMENTATIONS = YES;
				CLANG_WARN_DIRECT_OBJC_ISA_USAGE = YES_ERROR;
				CLANG_WARN_DOCUMENTATION_COMMENTS = YES;
				CLANG_WARN_EMPTY_BODY = YES;
				CLANG_WARN_ENUM_CONVERSION = YES;
				CLANG_WARN_INFINITE_RECURSION = YES;
				CLANG_WARN_INT_CONVERSION = YES;
				CLANG_WARN_NON_LITERAL_NULL_CONVERSION = YES;
				CLANG_WARN_OBJC_IMPLICIT_RETAIN_SELF = YES;
				CLANG_WARN_OBJC_LITERAL_CONVERSION = YES;
				CLANG_WARN_OBJC_ROOT_CLASS = YES_ERROR;
				CLANG_WARN_RANGE_LOOP_ANALYSIS = YES;
				CLANG_WARN_STRICT_PROTOTYPES = YES;
				CLANG_WARN_SUSPICIOUS_MOVE = YES;
				CLANG_WARN_UNGUARDED_AVAILABILITY = YES_AGGRESSIVE;
				CLANG_WARN_UNREACHABLE_CODE = YES;
				CLANG_WARN__DUPLICATE_METHOD_MATCH = YES;
				COPY_PHASE_STRIP = NO;
				DEBUG_INFORMATION_FORMAT = dwarf;
				ENABLE_STRICT_OBJC_MSGSEND = YES;
				ENABLE_TESTABILITY = YES;
				GCC_C_LANGUAGE_STANDARD = gnu11;
				GCC_DYNAMIC_NO_PIC = NO;
				GCC_NO_COMMON_BLOCKS = YES;
				GCC_OPTIMIZATION_LEVEL = 0;
				GCC_PREPROCESSOR_DEFINITIONS = (
					"DEBUG=1",
					"$(inherited)",
				);
				GCC_WARN_64_TO_32_BIT_CONVERSION = YES;
				GCC_WARN_ABOUT_RETURN_TYPE = YES_ERROR;
				GCC_WARN_UNDECLARED_SELECTOR = YES;
				GCC_WARN_UNINITIALIZED_AUTOS = YES_AGGRESSIVE;
				GCC_WARN_UNUSED_FUNCTION = YES;
				GCC_WARN_UNUSED_VARIABLE = YES;
				IPHONEOS_DEPLOYMENT_TARGET = 13.2;
				MTL_ENABLE_DEBUG_INFO = INCLUDE_SOURCE;
				MTL_FAST_MATH = YES;
				ONLY_ACTIVE_ARCH = YES;
				SDKROOT = iphoneos;
				SWIFT_ACTIVE_COMPILATION_CONDITIONS = DEBUG;
				SWIFT_OPTIMIZATION_LEVEL = "-Onone";
			};
			name = Debug;
		};
		5977AA59239E328900176434 /* Release */ = {
			isa = XCBuildConfiguration;
			buildSettings = {
				ALWAYS_SEARCH_USER_PATHS = NO;
				CLANG_ANALYZER_NONNULL = YES;
				CLANG_ANALYZER_NUMBER_OBJECT_CONVERSION = YES_AGGRESSIVE;
				CLANG_CXX_LANGUAGE_STANDARD = "gnu++14";
				CLANG_CXX_LIBRARY = "libc++";
				CLANG_ENABLE_MODULES = YES;
				CLANG_ENABLE_OBJC_ARC = YES;
				CLANG_ENABLE_OBJC_WEAK = YES;
				CLANG_WARN_BLOCK_CAPTURE_AUTORELEASING = YES;
				CLANG_WARN_BOOL_CONVERSION = YES;
				CLANG_WARN_COMMA = YES;
				CLANG_WARN_CONSTANT_CONVERSION = YES;
				CLANG_WARN_DEPRECATED_OBJC_IMPLEMENTATIONS = YES;
				CLANG_WARN_DIRECT_OBJC_ISA_USAGE = YES_ERROR;
				CLANG_WARN_DOCUMENTATION_COMMENTS = YES;
				CLANG_WARN_EMPTY_BODY = YES;
				CLANG_WARN_ENUM_CONVERSION = YES;
				CLANG_WARN_INFINITE_RECURSION = YES;
				CLANG_WARN_INT_CONVERSION = YES;
				CLANG_WARN_NON_LITERAL_NULL_CONVERSION = YES;
				CLANG_WARN_OBJC_IMPLICIT_RETAIN_SELF = YES;
				CLANG_WARN_OBJC_LITERAL_CONVERSION = YES;
				CLANG_WARN_OBJC_ROOT_CLASS = YES_ERROR;
				CLANG_WARN_RANGE_LOOP_ANALYSIS = YES;
				CLANG_WARN_STRICT_PROTOTYPES = YES;
				CLANG_WARN_SUSPICIOUS_MOVE = YES;
				CLANG_WARN_UNGUARDED_AVAILABILITY = YES_AGGRESSIVE;
				CLANG_WARN_UNREACHABLE_CODE = YES;
				CLANG_WARN__DUPLICATE_METHOD_MATCH = YES;
				COPY_PHASE_STRIP = NO;
				DEBUG_INFORMATION_FORMAT = "dwarf-with-dsym";
				ENABLE_NS_ASSERTIONS = NO;
				ENABLE_STRICT_OBJC_MSGSEND = YES;
				GCC_C_LANGUAGE_STANDARD = gnu11;
				GCC_NO_COMMON_BLOCKS = YES;
				GCC_WARN_64_TO_32_BIT_CONVERSION = YES;
				GCC_WARN_ABOUT_RETURN_TYPE = YES_ERROR;
				GCC_WARN_UNDECLARED_SELECTOR = YES;
				GCC_WARN_UNINITIALIZED_AUTOS = YES_AGGRESSIVE;
				GCC_WARN_UNUSED_FUNCTION = YES;
				GCC_WARN_UNUSED_VARIABLE = YES;
				IPHONEOS_DEPLOYMENT_TARGET = 13.2;
				MTL_ENABLE_DEBUG_INFO = NO;
				MTL_FAST_MATH = YES;
				SDKROOT = iphoneos;
				SWIFT_COMPILATION_MODE = wholemodule;
				SWIFT_OPTIMIZATION_LEVEL = "-O";
				VALIDATE_PRODUCT = YES;
			};
			name = Release;
		};
		5977AA5B239E328900176434 /* Debug */ = {
			isa = XCBuildConfiguration;
			baseConfigurationReference = D345DF466E6E9844BEC29FA4 /* Pods-RealmStudy.debug.xcconfig */;
			buildSettings = {
				ASSETCATALOG_COMPILER_APPICON_NAME = AppIcon;
				CODE_SIGN_STYLE = Automatic;
				DEVELOPMENT_TEAM = G8Q84RGJJC;
				INFOPLIST_FILE = RealmStudy/Info.plist;
				LD_RUNPATH_SEARCH_PATHS = (
					"$(inherited)",
					"@executable_path/Frameworks",
				);
				PRODUCT_BUNDLE_IDENTIFIER = com.fuksae.RealmStudy;
				PRODUCT_NAME = "$(TARGET_NAME)";
				SWIFT_VERSION = 5.0;
				TARGETED_DEVICE_FAMILY = "1,2";
			};
			name = Debug;
		};
		5977AA5C239E328900176434 /* Release */ = {
			isa = XCBuildConfiguration;
			baseConfigurationReference = 9EBDC187F42CD18A57CC0332 /* Pods-RealmStudy.release.xcconfig */;
			buildSettings = {
				ASSETCATALOG_COMPILER_APPICON_NAME = AppIcon;
				CODE_SIGN_STYLE = Automatic;
				DEVELOPMENT_TEAM = G8Q84RGJJC;
				INFOPLIST_FILE = RealmStudy/Info.plist;
				LD_RUNPATH_SEARCH_PATHS = (
					"$(inherited)",
					"@executable_path/Frameworks",
				);
				PRODUCT_BUNDLE_IDENTIFIER = com.fuksae.RealmStudy;
				PRODUCT_NAME = "$(TARGET_NAME)";
				SWIFT_VERSION = 5.0;
				TARGETED_DEVICE_FAMILY = "1,2";
			};
			name = Release;
		};
		5977AA5E239E328900176434 /* Debug */ = {
			isa = XCBuildConfiguration;
			baseConfigurationReference = 0B952AA9586E7BAF4C7CFADF /* Pods-RealmStudyTests.debug.xcconfig */;
			buildSettings = {
				ALWAYS_EMBED_SWIFT_STANDARD_LIBRARIES = YES;
				BUNDLE_LOADER = "$(TEST_HOST)";
				CODE_SIGN_STYLE = Automatic;
				DEVELOPMENT_TEAM = G8Q84RGJJC;
				INFOPLIST_FILE = RealmStudyTests/Info.plist;
				IPHONEOS_DEPLOYMENT_TARGET = 13.2;
				LD_RUNPATH_SEARCH_PATHS = (
					"$(inherited)",
					"@executable_path/Frameworks",
					"@loader_path/Frameworks",
				);
				PRODUCT_BUNDLE_IDENTIFIER = com.fuksae.RealmStudyTests;
				PRODUCT_NAME = "$(TARGET_NAME)";
				SWIFT_VERSION = 5.0;
				TARGETED_DEVICE_FAMILY = "1,2";
				TEST_HOST = "$(BUILT_PRODUCTS_DIR)/RealmStudy.app/RealmStudy";
			};
			name = Debug;
		};
		5977AA5F239E328900176434 /* Release */ = {
			isa = XCBuildConfiguration;
			baseConfigurationReference = F0BA1FA0BF3E69A25CAFD8FA /* Pods-RealmStudyTests.release.xcconfig */;
			buildSettings = {
				ALWAYS_EMBED_SWIFT_STANDARD_LIBRARIES = YES;
				BUNDLE_LOADER = "$(TEST_HOST)";
				CODE_SIGN_STYLE = Automatic;
				DEVELOPMENT_TEAM = G8Q84RGJJC;
				INFOPLIST_FILE = RealmStudyTests/Info.plist;
				IPHONEOS_DEPLOYMENT_TARGET = 13.2;
				LD_RUNPATH_SEARCH_PATHS = (
					"$(inherited)",
					"@executable_path/Frameworks",
					"@loader_path/Frameworks",
				);
				PRODUCT_BUNDLE_IDENTIFIER = com.fuksae.RealmStudyTests;
				PRODUCT_NAME = "$(TARGET_NAME)";
				SWIFT_VERSION = 5.0;
				TARGETED_DEVICE_FAMILY = "1,2";
				TEST_HOST = "$(BUILT_PRODUCTS_DIR)/RealmStudy.app/RealmStudy";
			};
			name = Release;
		};
		5977AA61239E328900176434 /* Debug */ = {
			isa = XCBuildConfiguration;
			baseConfigurationReference = ECF2C73899F800D9C5707005 /* Pods-RealmStudy-RealmStudyUITests.debug.xcconfig */;
			buildSettings = {
				ALWAYS_EMBED_SWIFT_STANDARD_LIBRARIES = YES;
				CODE_SIGN_STYLE = Automatic;
				DEVELOPMENT_TEAM = G8Q84RGJJC;
				INFOPLIST_FILE = RealmStudyUITests/Info.plist;
				LD_RUNPATH_SEARCH_PATHS = (
					"$(inherited)",
					"@executable_path/Frameworks",
					"@loader_path/Frameworks",
				);
				PRODUCT_BUNDLE_IDENTIFIER = com.fuksae.RealmStudyUITests;
				PRODUCT_NAME = "$(TARGET_NAME)";
				SWIFT_VERSION = 5.0;
				TARGETED_DEVICE_FAMILY = "1,2";
				TEST_TARGET_NAME = RealmStudy;
			};
			name = Debug;
		};
		5977AA62239E328900176434 /* Release */ = {
			isa = XCBuildConfiguration;
			baseConfigurationReference = 18EED1897C09D941CDB612B7 /* Pods-RealmStudy-RealmStudyUITests.release.xcconfig */;
			buildSettings = {
				ALWAYS_EMBED_SWIFT_STANDARD_LIBRARIES = YES;
				CODE_SIGN_STYLE = Automatic;
				DEVELOPMENT_TEAM = G8Q84RGJJC;
				INFOPLIST_FILE = RealmStudyUITests/Info.plist;
				LD_RUNPATH_SEARCH_PATHS = (
					"$(inherited)",
					"@executable_path/Frameworks",
					"@loader_path/Frameworks",
				);
				PRODUCT_BUNDLE_IDENTIFIER = com.fuksae.RealmStudyUITests;
				PRODUCT_NAME = "$(TARGET_NAME)";
				SWIFT_VERSION = 5.0;
				TARGETED_DEVICE_FAMILY = "1,2";
				TEST_TARGET_NAME = RealmStudy;
			};
			name = Release;
		};
/* End XCBuildConfiguration section */

/* Begin XCConfigurationList section */
		5977AA2B239E328800176434 /* Build configuration list for PBXProject "RealmStudy" */ = {
			isa = XCConfigurationList;
			buildConfigurations = (
				5977AA58239E328900176434 /* Debug */,
				5977AA59239E328900176434 /* Release */,
			);
			defaultConfigurationIsVisible = 0;
			defaultConfigurationName = Release;
		};
		5977AA5A239E328900176434 /* Build configuration list for PBXNativeTarget "RealmStudy" */ = {
			isa = XCConfigurationList;
			buildConfigurations = (
				5977AA5B239E328900176434 /* Debug */,
				5977AA5C239E328900176434 /* Release */,
			);
			defaultConfigurationIsVisible = 0;
			defaultConfigurationName = Release;
		};
		5977AA5D239E328900176434 /* Build configuration list for PBXNativeTarget "RealmStudyTests" */ = {
			isa = XCConfigurationList;
			buildConfigurations = (
				5977AA5E239E328900176434 /* Debug */,
				5977AA5F239E328900176434 /* Release */,
			);
			defaultConfigurationIsVisible = 0;
			defaultConfigurationName = Release;
		};
		5977AA60239E328900176434 /* Build configuration list for PBXNativeTarget "RealmStudyUITests" */ = {
			isa = XCConfigurationList;
			buildConfigurations = (
				5977AA61239E328900176434 /* Debug */,
				5977AA62239E328900176434 /* Release */,
			);
			defaultConfigurationIsVisible = 0;
			defaultConfigurationName = Release;
		};
/* End XCConfigurationList section */
	};
	rootObject = 5977AA28239E328800176434 /* Project object */;
}
